// !$*UTF8*$!
{
	archiveVersion = 1;
	classes = {
	};
	objectVersion = 77;
	objects = {

/* Begin PBXBuildFile section */
		A3488B8C2E4B60BC00232643 /* Assets.xcassets in Resources */ = {isa = PBXBuildFile; fileRef = A3488B872E4B60BC00232643 /* Assets.xcassets */; };
		A3488B8D2E4B60BC00232643 /* Launch Screen.storyboard in Resources */ = {isa = PBXBuildFile; fileRef = A3488B892E4B60BC00232643 /* Launch Screen.storyboard */; };
		A3488B8F2E4B60BC00232643 /* MorakApp.swift in Sources */ = {isa = PBXBuildFile; fileRef = A3488B8A2E4B60BC00232643 /* MorakApp.swift */; };
		A3488B9A2E4B641C00232643 /* RootTabView.swift in Sources */ = {isa = PBXBuildFile; fileRef = A3488B992E4B641C00232643 /* RootTabView.swift */; };
		A36D7BC72E5878C2005F21C2 /* AppState.swift in Sources */ = {isa = PBXBuildFile; fileRef = A36D7BC42E5878C2005F21C2 /* AppState.swift */; };
		A36D7BD52E5878EF005F21C2 /* ChatView.swift in Sources */ = {isa = PBXBuildFile; fileRef = A36D7BC82E5878EF005F21C2 /* ChatView.swift */; };
		A36D7BD62E5878EF005F21C2 /* SettingView.swift in Sources */ = {isa = PBXBuildFile; fileRef = A36D7BD12E5878EF005F21C2 /* SettingView.swift */; };
		A36D7BD72E5878EF005F21C2 /* PostView.swift in Sources */ = {isa = PBXBuildFile; fileRef = A36D7BCE2E5878EF005F21C2 /* PostView.swift */; };
		A36D7BD82E5878EF005F21C2 /* FriendsView.swift in Sources */ = {isa = PBXBuildFile; fileRef = A36D7BCB2E5878EF005F21C2 /* FriendsView.swift */; };
		A36D7BDB2E58790C005F21C2 /* AppTab.swift in Sources */ = {isa = PBXBuildFile; fileRef = A36D7BD92E58790C005F21C2 /* AppTab.swift */; };
		A36D7BDE2E587B14005F21C2 /* Color+Extension.swift in Sources */ = {isa = PBXBuildFile; fileRef = A36D7BDC2E587B14005F21C2 /* Color+Extension.swift */; };
/* End PBXBuildFile section */

/* Begin PBXContainerItemProxy section */
		A31D1C2E2E40BA3600318EC7 /* PBXContainerItemProxy */ = {
			isa = PBXContainerItemProxy;
			containerPortal = A31D1C182E40BA3500318EC7 /* Project object */;
			proxyType = 1;
			remoteGlobalIDString = A31D1C1F2E40BA3500318EC7;
			remoteInfo = Morak;
		};
		A31D1C382E40BA3600318EC7 /* PBXContainerItemProxy */ = {
			isa = PBXContainerItemProxy;
			containerPortal = A31D1C182E40BA3500318EC7 /* Project object */;
			proxyType = 1;
			remoteGlobalIDString = A31D1C1F2E40BA3500318EC7;
			remoteInfo = Morak;
		};
/* End PBXContainerItemProxy section */

/* Begin PBXFileReference section */
		A31D1C202E40BA3500318EC7 /* Morak.app */ = {isa = PBXFileReference; explicitFileType = wrapper.application; includeInIndex = 0; path = Morak.app; sourceTree = BUILT_PRODUCTS_DIR; };
		A31D1C2D2E40BA3600318EC7 /* MorakTests.xctest */ = {isa = PBXFileReference; explicitFileType = wrapper.cfbundle; includeInIndex = 0; path = MorakTests.xctest; sourceTree = BUILT_PRODUCTS_DIR; };
		A31D1C372E40BA3600318EC7 /* MorakUITests.xctest */ = {isa = PBXFileReference; explicitFileType = wrapper.cfbundle; includeInIndex = 0; path = MorakUITests.xctest; sourceTree = BUILT_PRODUCTS_DIR; };
		A3488B872E4B60BC00232643 /* Assets.xcassets */ = {isa = PBXFileReference; lastKnownFileType = folder.assetcatalog; path = Assets.xcassets; sourceTree = "<group>"; };
		A3488B892E4B60BC00232643 /* Launch Screen.storyboard */ = {isa = PBXFileReference; lastKnownFileType = file.storyboard; path = "Launch Screen.storyboard"; sourceTree = "<group>"; };
		A3488B8A2E4B60BC00232643 /* MorakApp.swift */ = {isa = PBXFileReference; lastKnownFileType = sourcecode.swift; path = MorakApp.swift; sourceTree = "<group>"; };
		A3488B992E4B641C00232643 /* RootTabView.swift */ = {isa = PBXFileReference; lastKnownFileType = sourcecode.swift; path = RootTabView.swift; sourceTree = "<group>"; };
		A36D7BC42E5878C2005F21C2 /* AppState.swift */ = {isa = PBXFileReference; lastKnownFileType = sourcecode.swift; path = AppState.swift; sourceTree = "<group>"; };
		A36D7BC82E5878EF005F21C2 /* ChatView.swift */ = {isa = PBXFileReference; lastKnownFileType = sourcecode.swift; path = ChatView.swift; sourceTree = "<group>"; };
		A36D7BCB2E5878EF005F21C2 /* FriendsView.swift */ = {isa = PBXFileReference; lastKnownFileType = sourcecode.swift; path = FriendsView.swift; sourceTree = "<group>"; };
		A36D7BCE2E5878EF005F21C2 /* PostView.swift */ = {isa = PBXFileReference; lastKnownFileType = sourcecode.swift; path = PostView.swift; sourceTree = "<group>"; };
		A36D7BD12E5878EF005F21C2 /* SettingView.swift */ = {isa = PBXFileReference; lastKnownFileType = sourcecode.swift; path = SettingView.swift; sourceTree = "<group>"; };
		A36D7BD92E58790C005F21C2 /* AppTab.swift */ = {isa = PBXFileReference; lastKnownFileType = sourcecode.swift; path = AppTab.swift; sourceTree = "<group>"; };
		A36D7BDC2E587B14005F21C2 /* Color+Extension.swift */ = {isa = PBXFileReference; lastKnownFileType = sourcecode.swift; path = "Color+Extension.swift"; sourceTree = "<group>"; };
/* End PBXFileReference section */

/* Begin PBXFileSystemSynchronizedRootGroup section */
		A31D1C302E40BA3600318EC7 /* MorakTests */ = {
			isa = PBXFileSystemSynchronizedRootGroup;
			path = MorakTests;
			sourceTree = "<group>";
		};
		A31D1C3A2E40BA3600318EC7 /* MorakUITests */ = {
			isa = PBXFileSystemSynchronizedRootGroup;
			path = MorakUITests;
			sourceTree = "<group>";
		};
/* End PBXFileSystemSynchronizedRootGroup section */

/* Begin PBXFrameworksBuildPhase section */
		A31D1C1D2E40BA3500318EC7 /* Frameworks */ = {
			isa = PBXFrameworksBuildPhase;
			buildActionMask = 2147483647;
			files = (
			);
			runOnlyForDeploymentPostprocessing = 0;
		};
		A31D1C2A2E40BA3600318EC7 /* Frameworks */ = {
			isa = PBXFrameworksBuildPhase;
			buildActionMask = 2147483647;
			files = (
			);
			runOnlyForDeploymentPostprocessing = 0;
		};
		A31D1C342E40BA3600318EC7 /* Frameworks */ = {
			isa = PBXFrameworksBuildPhase;
			buildActionMask = 2147483647;
			files = (
			);
			runOnlyForDeploymentPostprocessing = 0;
		};
/* End PBXFrameworksBuildPhase section */

/* Begin PBXGroup section */
		A31D1C172E40BA3500318EC7 = {
			isa = PBXGroup;
			children = (
				A3488B8B2E4B60BC00232643 /* Morak */,
				A31D1C302E40BA3600318EC7 /* MorakTests */,
				A31D1C3A2E40BA3600318EC7 /* MorakUITests */,
				A31D1C212E40BA3500318EC7 /* Products */,
			);
			sourceTree = "<group>";
		};
		A31D1C212E40BA3500318EC7 /* Products */ = {
			isa = PBXGroup;
			children = (
				A31D1C202E40BA3500318EC7 /* Morak.app */,
				A31D1C2D2E40BA3600318EC7 /* MorakTests.xctest */,
				A31D1C372E40BA3600318EC7 /* MorakUITests.xctest */,
			);
			name = Products;
			sourceTree = "<group>";
		};
		A3488B8B2E4B60BC00232643 /* Morak */ = {
			isa = PBXGroup;
			children = (
				A3488B902E4B60C100232643 /* App */,
				A36D7BC62E5878C2005F21C2 /* Core */,
				A36D7BD42E5878EF005F21C2 /* Features */,
				A3488B912E4B613400232643 /* Shared */,
				A3488B932E4B618200232643 /* Resources */,
			);
			path = Morak;
			sourceTree = "<group>";
		};
		A3488B902E4B60C100232643 /* App */ = {
			isa = PBXGroup;
			children = (
				A3488B8A2E4B60BC00232643 /* MorakApp.swift */,
				A3488B992E4B641C00232643 /* RootTabView.swift */,
			);
			path = App;
			sourceTree = "<group>";
		};
		A3488B912E4B613400232643 /* Shared */ = {
			isa = PBXGroup;
			children = (
				A3488B922E4B614100232643 /* Components */,
				A36D7BDD2E587B14005F21C2 /* Extensions */,
			);
			path = Shared;
			sourceTree = "<group>";
		};
		A3488B922E4B614100232643 /* Components */ = {
			isa = PBXGroup;
			children = (
				A36D7BDA2E58790C005F21C2 /* Navigation */,
			);
			path = Components;
			sourceTree = "<group>";
		};
		A3488B932E4B618200232643 /* Resources */ = {
			isa = PBXGroup;
			children = (
				A3488B872E4B60BC00232643 /* Assets.xcassets */,
				A3488B892E4B60BC00232643 /* Launch Screen.storyboard */,
			);
			path = Resources;
			sourceTree = "<group>";
		};
		A36D7BC52E5878C2005F21C2 /* State */ = {
			isa = PBXGroup;
			children = (
				A36D7BC42E5878C2005F21C2 /* AppState.swift */,
			);
			path = State;
			sourceTree = "<group>";
		};
		A36D7BC62E5878C2005F21C2 /* Core */ = {
			isa = PBXGroup;
			children = (
				A36D7BC52E5878C2005F21C2 /* State */,
			);
			path = Core;
			sourceTree = "<group>";
		};
		A36D7BC92E5878EF005F21C2 /* Views */ = {
			isa = PBXGroup;
			children = (
				A36D7BC82E5878EF005F21C2 /* ChatView.swift */,
			);
			path = Views;
			sourceTree = "<group>";
		};
		A36D7BCA2E5878EF005F21C2 /* Chat */ = {
			isa = PBXGroup;
			children = (
				A36D7BC92E5878EF005F21C2 /* Views */,
			);
			path = Chat;
			sourceTree = "<group>";
		};
		A36D7BCC2E5878EF005F21C2 /* Views */ = {
			isa = PBXGroup;
			children = (
				A36D7BCB2E5878EF005F21C2 /* FriendsView.swift */,
			);
			path = Views;
			sourceTree = "<group>";
		};
		A36D7BCD2E5878EF005F21C2 /* Friends */ = {
			isa = PBXGroup;
			children = (
				A36D7BCC2E5878EF005F21C2 /* Views */,
			);
			path = Friends;
			sourceTree = "<group>";
		};
		A36D7BCF2E5878EF005F21C2 /* Views */ = {
			isa = PBXGroup;
			children = (
				A36D7BCE2E5878EF005F21C2 /* PostView.swift */,
			);
			path = Views;
			sourceTree = "<group>";
		};
		A36D7BD02E5878EF005F21C2 /* Post */ = {
			isa = PBXGroup;
			children = (
				A36D7BCF2E5878EF005F21C2 /* Views */,
			);
			path = Post;
			sourceTree = "<group>";
		};
		A36D7BD22E5878EF005F21C2 /* Views */ = {
			isa = PBXGroup;
			children = (
				A36D7BD12E5878EF005F21C2 /* SettingView.swift */,
			);
			path = Views;
			sourceTree = "<group>";
		};
		A36D7BD32E5878EF005F21C2 /* Setting */ = {
			isa = PBXGroup;
			children = (
				A36D7BD22E5878EF005F21C2 /* Views */,
			);
			path = Setting;
			sourceTree = "<group>";
		};
		A36D7BD42E5878EF005F21C2 /* Features */ = {
			isa = PBXGroup;
			children = (
				A36D7BCA2E5878EF005F21C2 /* Chat */,
				A36D7BCD2E5878EF005F21C2 /* Friends */,
				A36D7BD02E5878EF005F21C2 /* Post */,
				A36D7BD32E5878EF005F21C2 /* Setting */,
			);
			path = Features;
			sourceTree = "<group>";
		};
		A36D7BDA2E58790C005F21C2 /* Navigation */ = {
			isa = PBXGroup;
			children = (
				A36D7BD92E58790C005F21C2 /* AppTab.swift */,
			);
			path = Navigation;
			sourceTree = "<group>";
		};
		A36D7BDD2E587B14005F21C2 /* Extensions */ = {
			isa = PBXGroup;
			children = (
				A36D7BDC2E587B14005F21C2 /* Color+Extension.swift */,
			);
			path = Extensions;
			sourceTree = "<group>";
		};
/* End PBXGroup section */

/* Begin PBXNativeTarget section */
		A31D1C1F2E40BA3500318EC7 /* Morak */ = {
			isa = PBXNativeTarget;
			buildConfigurationList = A31D1C412E40BA3600318EC7 /* Build configuration list for PBXNativeTarget "Morak" */;
			buildPhases = (
				A31D1C1C2E40BA3500318EC7 /* Sources */,
				A31D1C1D2E40BA3500318EC7 /* Frameworks */,
				A31D1C1E2E40BA3500318EC7 /* Resources */,
			);
			buildRules = (
			);
			dependencies = (
			);
			name = Morak;
			packageProductDependencies = (
			);
			productName = Morak;
			productReference = A31D1C202E40BA3500318EC7 /* Morak.app */;
			productType = "com.apple.product-type.application";
		};
		A31D1C2C2E40BA3600318EC7 /* MorakTests */ = {
			isa = PBXNativeTarget;
			buildConfigurationList = A31D1C442E40BA3600318EC7 /* Build configuration list for PBXNativeTarget "MorakTests" */;
			buildPhases = (
				A31D1C292E40BA3600318EC7 /* Sources */,
				A31D1C2A2E40BA3600318EC7 /* Frameworks */,
				A31D1C2B2E40BA3600318EC7 /* Resources */,
			);
			buildRules = (
			);
			dependencies = (
				A31D1C2F2E40BA3600318EC7 /* PBXTargetDependency */,
			);
			fileSystemSynchronizedGroups = (
				A31D1C302E40BA3600318EC7 /* MorakTests */,
			);
			name = MorakTests;
			packageProductDependencies = (
			);
			productName = MorakTests;
			productReference = A31D1C2D2E40BA3600318EC7 /* MorakTests.xctest */;
			productType = "com.apple.product-type.bundle.unit-test";
		};
		A31D1C362E40BA3600318EC7 /* MorakUITests */ = {
			isa = PBXNativeTarget;
			buildConfigurationList = A31D1C472E40BA3600318EC7 /* Build configuration list for PBXNativeTarget "MorakUITests" */;
			buildPhases = (
				A31D1C332E40BA3600318EC7 /* Sources */,
				A31D1C342E40BA3600318EC7 /* Frameworks */,
				A31D1C352E40BA3600318EC7 /* Resources */,
			);
			buildRules = (
			);
			dependencies = (
				A31D1C392E40BA3600318EC7 /* PBXTargetDependency */,
			);
			fileSystemSynchronizedGroups = (
				A31D1C3A2E40BA3600318EC7 /* MorakUITests */,
			);
			name = MorakUITests;
			packageProductDependencies = (
			);
			productName = MorakUITests;
			productReference = A31D1C372E40BA3600318EC7 /* MorakUITests.xctest */;
			productType = "com.apple.product-type.bundle.ui-testing";
		};
/* End PBXNativeTarget section */

/* Begin PBXProject section */
		A31D1C182E40BA3500318EC7 /* Project object */ = {
			isa = PBXProject;
			attributes = {
				BuildIndependentTargetsInParallel = 1;
				LastSwiftUpdateCheck = 1640;
				LastUpgradeCheck = 1640;
				TargetAttributes = {
					A31D1C1F2E40BA3500318EC7 = {
						CreatedOnToolsVersion = 16.4;
					};
					A31D1C2C2E40BA3600318EC7 = {
						CreatedOnToolsVersion = 16.4;
						TestTargetID = A31D1C1F2E40BA3500318EC7;
					};
					A31D1C362E40BA3600318EC7 = {
						CreatedOnToolsVersion = 16.4;
						TestTargetID = A31D1C1F2E40BA3500318EC7;
					};
				};
			};
			buildConfigurationList = A31D1C1B2E40BA3500318EC7 /* Build configuration list for PBXProject "Morak" */;
			developmentRegion = en;
			hasScannedForEncodings = 0;
			knownRegions = (
				en,
				Base,
			);
			mainGroup = A31D1C172E40BA3500318EC7;
			minimizedProjectReferenceProxies = 1;
			preferredProjectObjectVersion = 77;
			productRefGroup = A31D1C212E40BA3500318EC7 /* Products */;
			projectDirPath = "";
			projectRoot = "";
			targets = (
				A31D1C1F2E40BA3500318EC7 /* Morak */,
				A31D1C2C2E40BA3600318EC7 /* MorakTests */,
				A31D1C362E40BA3600318EC7 /* MorakUITests */,
			);
		};
/* End PBXProject section */

/* Begin PBXResourcesBuildPhase section */
		A31D1C1E2E40BA3500318EC7 /* Resources */ = {
			isa = PBXResourcesBuildPhase;
			buildActionMask = 2147483647;
			files = (
				A3488B8C2E4B60BC00232643 /* Assets.xcassets in Resources */,
				A3488B8D2E4B60BC00232643 /* Launch Screen.storyboard in Resources */,
			);
			runOnlyForDeploymentPostprocessing = 0;
		};
		A31D1C2B2E40BA3600318EC7 /* Resources */ = {
			isa = PBXResourcesBuildPhase;
			buildActionMask = 2147483647;
			files = (
			);
			runOnlyForDeploymentPostprocessing = 0;
		};
		A31D1C352E40BA3600318EC7 /* Resources */ = {
			isa = PBXResourcesBuildPhase;
			buildActionMask = 2147483647;
			files = (
			);
			runOnlyForDeploymentPostprocessing = 0;
		};
/* End PBXResourcesBuildPhase section */

/* Begin PBXSourcesBuildPhase section */
		A31D1C1C2E40BA3500318EC7 /* Sources */ = {
			isa = PBXSourcesBuildPhase;
			buildActionMask = 2147483647;
			files = (
				A3488B9A2E4B641C00232643 /* RootTabView.swift in Sources */,
				A36D7BDE2E587B14005F21C2 /* Color+Extension.swift in Sources */,
				A3488B8F2E4B60BC00232643 /* MorakApp.swift in Sources */,
				A36D7BC72E5878C2005F21C2 /* AppState.swift in Sources */,
				A36D7BD52E5878EF005F21C2 /* ChatView.swift in Sources */,
				A36D7BD62E5878EF005F21C2 /* SettingView.swift in Sources */,
				A36D7BD72E5878EF005F21C2 /* PostView.swift in Sources */,
				A36D7BD82E5878EF005F21C2 /* FriendsView.swift in Sources */,
				A36D7BDB2E58790C005F21C2 /* AppTab.swift in Sources */,
			);
			runOnlyForDeploymentPostprocessing = 0;
		};
		A31D1C292E40BA3600318EC7 /* Sources */ = {
			isa = PBXSourcesBuildPhase;
			buildActionMask = 2147483647;
			files = (
			);
			runOnlyForDeploymentPostprocessing = 0;
		};
		A31D1C332E40BA3600318EC7 /* Sources */ = {
			isa = PBXSourcesBuildPhase;
			buildActionMask = 2147483647;
			files = (
			);
			runOnlyForDeploymentPostprocessing = 0;
		};
/* End PBXSourcesBuildPhase section */

/* Begin PBXTargetDependency section */
		A31D1C2F2E40BA3600318EC7 /* PBXTargetDependency */ = {
			isa = PBXTargetDependency;
			target = A31D1C1F2E40BA3500318EC7 /* Morak */;
			targetProxy = A31D1C2E2E40BA3600318EC7 /* PBXContainerItemProxy */;
		};
		A31D1C392E40BA3600318EC7 /* PBXTargetDependency */ = {
			isa = PBXTargetDependency;
			target = A31D1C1F2E40BA3500318EC7 /* Morak */;
			targetProxy = A31D1C382E40BA3600318EC7 /* PBXContainerItemProxy */;
		};
/* End PBXTargetDependency section */

/* Begin XCBuildConfiguration section */
		A31D1C3F2E40BA3600318EC7 /* Debug */ = {
			isa = XCBuildConfiguration;
			buildSettings = {
				ALWAYS_SEARCH_USER_PATHS = NO;
				ASSETCATALOG_COMPILER_GENERATE_SWIFT_ASSET_SYMBOL_EXTENSIONS = YES;
				CLANG_ANALYZER_NONNULL = YES;
				CLANG_ANALYZER_NUMBER_OBJECT_CONVERSION = YES_AGGRESSIVE;
				CLANG_CXX_LANGUAGE_STANDARD = "gnu++20";
				CLANG_ENABLE_MODULES = YES;
				CLANG_ENABLE_OBJC_ARC = YES;
				CLANG_ENABLE_OBJC_WEAK = YES;
				CLANG_WARN_BLOCK_CAPTURE_AUTORELEASING = YES;
				CLANG_WARN_BOOL_CONVERSION = YES;
				CLANG_WARN_COMMA = YES;
				CLANG_WARN_CONSTANT_CONVERSION = YES;
				CLANG_WARN_DEPRECATED_OBJC_IMPLEMENTATIONS = YES;
				CLANG_WARN_DIRECT_OBJC_ISA_USAGE = YES_ERROR;
				CLANG_WARN_DOCUMENTATION_COMMENTS = YES;
				CLANG_WARN_EMPTY_BODY = YES;
				CLANG_WARN_ENUM_CONVERSION = YES;
				CLANG_WARN_INFINITE_RECURSION = YES;
				CLANG_WARN_INT_CONVERSION = YES;
				CLANG_WARN_NON_LITERAL_NULL_CONVERSION = YES;
				CLANG_WARN_OBJC_IMPLICIT_RETAIN_SELF = YES;
				CLANG_WARN_OBJC_LITERAL_CONVERSION = YES;
				CLANG_WARN_OBJC_ROOT_CLASS = YES_ERROR;
				CLANG_WARN_QUOTED_INCLUDE_IN_FRAMEWORK_HEADER = YES;
				CLANG_WARN_RANGE_LOOP_ANALYSIS = YES;
				CLANG_WARN_STRICT_PROTOTYPES = YES;
				CLANG_WARN_SUSPICIOUS_MOVE = YES;
				CLANG_WARN_UNGUARDED_AVAILABILITY = YES_AGGRESSIVE;
				CLANG_WARN_UNREACHABLE_CODE = YES;
				CLANG_WARN__DUPLICATE_METHOD_MATCH = YES;
				COPY_PHASE_STRIP = NO;
				DEBUG_INFORMATION_FORMAT = dwarf;
				DEVELOPMENT_TEAM = UY9DAXUW36;
				ENABLE_STRICT_OBJC_MSGSEND = YES;
				ENABLE_TESTABILITY = YES;
				ENABLE_USER_SCRIPT_SANDBOXING = YES;
				GCC_C_LANGUAGE_STANDARD = gnu17;
				GCC_DYNAMIC_NO_PIC = NO;
				GCC_NO_COMMON_BLOCKS = YES;
				GCC_OPTIMIZATION_LEVEL = 0;
				GCC_PREPROCESSOR_DEFINITIONS = (
					"DEBUG=1",
					"$(inherited)",
				);
				GCC_WARN_64_TO_32_BIT_CONVERSION = YES;
				GCC_WARN_ABOUT_RETURN_TYPE = YES_ERROR;
				GCC_WARN_UNDECLARED_SELECTOR = YES;
				GCC_WARN_UNINITIALIZED_AUTOS = YES_AGGRESSIVE;
				GCC_WARN_UNUSED_FUNCTION = YES;
				GCC_WARN_UNUSED_VARIABLE = YES;
				IPHONEOS_DEPLOYMENT_TARGET = 18.5;
				LOCALIZATION_PREFERS_STRING_CATALOGS = YES;
				MTL_ENABLE_DEBUG_INFO = INCLUDE_SOURCE;
				MTL_FAST_MATH = YES;
				ONLY_ACTIVE_ARCH = YES;
				SDKROOT = iphoneos;
				SWIFT_ACTIVE_COMPILATION_CONDITIONS = "DEBUG $(inherited)";
				SWIFT_OPTIMIZATION_LEVEL = "-Onone";
			};
			name = Debug;
		};
		A31D1C402E40BA3600318EC7 /* Release */ = {
			isa = XCBuildConfiguration;
			buildSettings = {
				ALWAYS_SEARCH_USER_PATHS = NO;
				ASSETCATALOG_COMPILER_GENERATE_SWIFT_ASSET_SYMBOL_EXTENSIONS = YES;
				CLANG_ANALYZER_NONNULL = YES;
				CLANG_ANALYZER_NUMBER_OBJECT_CONVERSION = YES_AGGRESSIVE;
				CLANG_CXX_LANGUAGE_STANDARD = "gnu++20";
				CLANG_ENABLE_MODULES = YES;
				CLANG_ENABLE_OBJC_ARC = YES;
				CLANG_ENABLE_OBJC_WEAK = YES;
				CLANG_WARN_BLOCK_CAPTURE_AUTORELEASING = YES;
				CLANG_WARN_BOOL_CONVERSION = YES;
				CLANG_WARN_COMMA = YES;
				CLANG_WARN_CONSTANT_CONVERSION = YES;
				CLANG_WARN_DEPRECATED_OBJC_IMPLEMENTATIONS = YES;
				CLANG_WARN_DIRECT_OBJC_ISA_USAGE = YES_ERROR;
				CLANG_WARN_DOCUMENTATION_COMMENTS = YES;
				CLANG_WARN_EMPTY_BODY = YES;
				CLANG_WARN_ENUM_CONVERSION = YES;
				CLANG_WARN_INFINITE_RECURSION = YES;
				CLANG_WARN_INT_CONVERSION = YES;
				CLANG_WARN_NON_LITERAL_NULL_CONVERSION = YES;
				CLANG_WARN_OBJC_IMPLICIT_RETAIN_SELF = YES;
				CLANG_WARN_OBJC_LITERAL_CONVERSION = YES;
				CLANG_WARN_OBJC_ROOT_CLASS = YES_ERROR;
				CLANG_WARN_QUOTED_INCLUDE_IN_FRAMEWORK_HEADER = YES;
				CLANG_WARN_RANGE_LOOP_ANALYSIS = YES;
				CLANG_WARN_STRICT_PROTOTYPES = YES;
				CLANG_WARN_SUSPICIOUS_MOVE = YES;
				CLANG_WARN_UNGUARDED_AVAILABILITY = YES_AGGRESSIVE;
				CLANG_WARN_UNREACHABLE_CODE = YES;
				CLANG_WARN__DUPLICATE_METHOD_MATCH = YES;
				COPY_PHASE_STRIP = NO;
				DEBUG_INFORMATION_FORMAT = "dwarf-with-dsym";
				DEVELOPMENT_TEAM = UY9DAXUW36;
				ENABLE_NS_ASSERTIONS = NO;
				ENABLE_STRICT_OBJC_MSGSEND = YES;
				ENABLE_USER_SCRIPT_SANDBOXING = YES;
				GCC_C_LANGUAGE_STANDARD = gnu17;
				GCC_NO_COMMON_BLOCKS = YES;
				GCC_WARN_64_TO_32_BIT_CONVERSION = YES;
				GCC_WARN_ABOUT_RETURN_TYPE = YES_ERROR;
				GCC_WARN_UNDECLARED_SELECTOR = YES;
				GCC_WARN_UNINITIALIZED_AUTOS = YES_AGGRESSIVE;
				GCC_WARN_UNUSED_FUNCTION = YES;
				GCC_WARN_UNUSED_VARIABLE = YES;
				IPHONEOS_DEPLOYMENT_TARGET = 18.5;
				LOCALIZATION_PREFERS_STRING_CATALOGS = YES;
				MTL_ENABLE_DEBUG_INFO = NO;
				MTL_FAST_MATH = YES;
				SDKROOT = iphoneos;
				SWIFT_COMPILATION_MODE = wholemodule;
				VALIDATE_PRODUCT = YES;
			};
			name = Release;
		};
		A31D1C422E40BA3600318EC7 /* Debug */ = {
			isa = XCBuildConfiguration;
			buildSettings = {
				ASSETCATALOG_COMPILER_APPICON_NAME = AppIcon;
				ASSETCATALOG_COMPILER_GLOBAL_ACCENT_COLOR_NAME = AccentColor;
				CODE_SIGN_STYLE = Automatic;
				CURRENT_PROJECT_VERSION = 1;
				DEVELOPMENT_TEAM = UY9DAXUW36;
				ENABLE_PREVIEWS = YES;
				GENERATE_INFOPLIST_FILE = YES;
				INFOPLIST_KEY_UIApplicationSceneManifest_Generation = YES;
				INFOPLIST_KEY_UIApplicationSupportsIndirectInputEvents = YES;
				INFOPLIST_KEY_UILaunchScreen_Generation = YES;
				INFOPLIST_KEY_UILaunchStoryboardName = "Launch Screen.storyboard";
				INFOPLIST_KEY_UISupportedInterfaceOrientations = UIInterfaceOrientationPortrait;
				INFOPLIST_KEY_UISupportedInterfaceOrientations_iPad = "UIInterfaceOrientationLandscapeLeft UIInterfaceOrientationLandscapeRight UIInterfaceOrientationPortrait UIInterfaceOrientationPortraitUpsideDown";
				INFOPLIST_KEY_UIUserInterfaceStyle = Light;
				IPHONEOS_DEPLOYMENT_TARGET = 16.0;
				LD_RUNPATH_SEARCH_PATHS = (
					"$(inherited)",
					"@executable_path/Frameworks",
				);
				MARKETING_VERSION = 1.0;
				PRODUCT_BUNDLE_IDENTIFIER = com.brokong.Morak;
				PRODUCT_NAME = "$(TARGET_NAME)";
				SUPPORTED_PLATFORMS = "iphoneos iphonesimulator";
				SUPPORTS_MACCATALYST = NO;
				SUPPORTS_MAC_DESIGNED_FOR_IPHONE_IPAD = NO;
				SUPPORTS_XR_DESIGNED_FOR_IPHONE_IPAD = NO;
				SWIFT_EMIT_LOC_STRINGS = YES;
				SWIFT_VERSION = 5.0;
				TARGETED_DEVICE_FAMILY = 1;
			};
			name = Debug;
		};
		A31D1C432E40BA3600318EC7 /* Release */ = {
			isa = XCBuildConfiguration;
			buildSettings = {
				ASSETCATALOG_COMPILER_APPICON_NAME = AppIcon;
				ASSETCATALOG_COMPILER_GLOBAL_ACCENT_COLOR_NAME = AccentColor;
				CODE_SIGN_STYLE = Automatic;
				CURRENT_PROJECT_VERSION = 1;
				DEVELOPMENT_TEAM = UY9DAXUW36;
				ENABLE_PREVIEWS = YES;
				GENERATE_INFOPLIST_FILE = YES;
				INFOPLIST_KEY_UIApplicationSceneManifest_Generation = YES;
				INFOPLIST_KEY_UIApplicationSupportsIndirectInputEvents = YES;
				INFOPLIST_KEY_UILaunchScreen_Generation = YES;
				INFOPLIST_KEY_UILaunchStoryboardName = "Launch Screen.storyboard";
				INFOPLIST_KEY_UISupportedInterfaceOrientations = UIInterfaceOrientationPortrait;
				INFOPLIST_KEY_UISupportedInterfaceOrientations_iPad = "UIInterfaceOrientationLandscapeLeft UIInterfaceOrientationLandscapeRight UIInterfaceOrientationPortrait UIInterfaceOrientationPortraitUpsideDown";
				INFOPLIST_KEY_UIUserInterfaceStyle = Light;
				IPHONEOS_DEPLOYMENT_TARGET = 16.0;
				LD_RUNPATH_SEARCH_PATHS = (
					"$(inherited)",
					"@executable_path/Frameworks",
				);
				MARKETING_VERSION = 1.0;
				PRODUCT_BUNDLE_IDENTIFIER = com.brokong.Morak;
				PRODUCT_NAME = "$(TARGET_NAME)";
				SUPPORTED_PLATFORMS = "iphoneos iphonesimulator";
				SUPPORTS_MACCATALYST = NO;
				SUPPORTS_MAC_DESIGNED_FOR_IPHONE_IPAD = NO;
				SUPPORTS_XR_DESIGNED_FOR_IPHONE_IPAD = NO;
				SWIFT_EMIT_LOC_STRINGS = YES;
				SWIFT_VERSION = 5.0;
				TARGETED_DEVICE_FAMILY = 1;
			};
			name = Release;
		};
		A31D1C452E40BA3600318EC7 /* Debug */ = {
			isa = XCBuildConfiguration;
			buildSettings = {
				BUNDLE_LOADER = "$(TEST_HOST)";
				CODE_SIGN_STYLE = Automatic;
				CURRENT_PROJECT_VERSION = 1;
				DEVELOPMENT_TEAM = UY9DAXUW36;
				GENERATE_INFOPLIST_FILE = YES;
				IPHONEOS_DEPLOYMENT_TARGET = 18.5;
				MARKETING_VERSION = 1.0;
				PRODUCT_BUNDLE_IDENTIFIER = com.brokong.MorakTests;
				PRODUCT_NAME = "$(TARGET_NAME)";
				SWIFT_EMIT_LOC_STRINGS = NO;
				SWIFT_VERSION = 5.0;
				TARGETED_DEVICE_FAMILY = "1,2";
				TEST_HOST = "$(BUILT_PRODUCTS_DIR)/Morak.app/$(BUNDLE_EXECUTABLE_FOLDER_PATH)/Morak";
			};
			name = Debug;
		};
		A31D1C462E40BA3600318EC7 /* Release */ = {
			isa = XCBuildConfiguration;
			buildSettings = {
				BUNDLE_LOADER = "$(TEST_HOST)";
				CODE_SIGN_STYLE = Automatic;
				CURRENT_PROJECT_VERSION = 1;
				DEVELOPMENT_TEAM = UY9DAXUW36;
				GENERATE_INFOPLIST_FILE = YES;
				IPHONEOS_DEPLOYMENT_TARGET = 18.5;
				MARKETING_VERSION = 1.0;
				PRODUCT_BUNDLE_IDENTIFIER = com.brokong.MorakTests;
				PRODUCT_NAME = "$(TARGET_NAME)";
				SWIFT_EMIT_LOC_STRINGS = NO;
				SWIFT_VERSION = 5.0;
				TARGETED_DEVICE_FAMILY = "1,2";
				TEST_HOST = "$(BUILT_PRODUCTS_DIR)/Morak.app/$(BUNDLE_EXECUTABLE_FOLDER_PATH)/Morak";
			};
			name = Release;
		};
		A31D1C482E40BA3600318EC7 /* Debug */ = {
			isa = XCBuildConfiguration;
			buildSettings = {
				CODE_SIGN_STYLE = Automatic;
				CURRENT_PROJECT_VERSION = 1;
				DEVELOPMENT_TEAM = UY9DAXUW36;
				GENERATE_INFOPLIST_FILE = YES;
				MARKETING_VERSION = 1.0;
				PRODUCT_BUNDLE_IDENTIFIER = com.brokong.MorakUITests;
				PRODUCT_NAME = "$(TARGET_NAME)";
				SWIFT_EMIT_LOC_STRINGS = NO;
				SWIFT_VERSION = 5.0;
				TARGETED_DEVICE_FAMILY = "1,2";
				TEST_TARGET_NAME = Morak;
			};
			name = Debug;
		};
		A31D1C492E40BA3600318EC7 /* Release */ = {
			isa = XCBuildConfiguration;
			buildSettings = {
				CODE_SIGN_STYLE = Automatic;
				CURRENT_PROJECT_VERSION = 1;
				DEVELOPMENT_TEAM = UY9DAXUW36;
				GENERATE_INFOPLIST_FILE = YES;
				MARKETING_VERSION = 1.0;
				PRODUCT_BUNDLE_IDENTIFIER = com.brokong.MorakUITests;
				PRODUCT_NAME = "$(TARGET_NAME)";
				SWIFT_EMIT_LOC_STRINGS = NO;
				SWIFT_VERSION = 5.0;
				TARGETED_DEVICE_FAMILY = "1,2";
				TEST_TARGET_NAME = Morak;
			};
			name = Release;
		};
/* End XCBuildConfiguration section */

/* Begin XCConfigurationList section */
		A31D1C1B2E40BA3500318EC7 /* Build configuration list for PBXProject "Morak" */ = {
			isa = XCConfigurationList;
			buildConfigurations = (
				A31D1C3F2E40BA3600318EC7 /* Debug */,
				A31D1C402E40BA3600318EC7 /* Release */,
			);
			defaultConfigurationIsVisible = 0;
			defaultConfigurationName = Release;
		};
		A31D1C412E40BA3600318EC7 /* Build configuration list for PBXNativeTarget "Morak" */ = {
			isa = XCConfigurationList;
			buildConfigurations = (
				A31D1C422E40BA3600318EC7 /* Debug */,
				A31D1C432E40BA3600318EC7 /* Release */,
			);
			defaultConfigurationIsVisible = 0;
			defaultConfigurationName = Release;
		};
		A31D1C442E40BA3600318EC7 /* Build configuration list for PBXNativeTarget "MorakTests" */ = {
			isa = XCConfigurationList;
			buildConfigurations = (
				A31D1C452E40BA3600318EC7 /* Debug */,
				A31D1C462E40BA3600318EC7 /* Release */,
			);
			defaultConfigurationIsVisible = 0;
			defaultConfigurationName = Release;
		};
		A31D1C472E40BA3600318EC7 /* Build configuration list for PBXNativeTarget "MorakUITests" */ = {
			isa = XCConfigurationList;
			buildConfigurations = (
				A31D1C482E40BA3600318EC7 /* Debug */,
				A31D1C492E40BA3600318EC7 /* Release */,
			);
			defaultConfigurationIsVisible = 0;
			defaultConfigurationName = Release;
		};
/* End XCConfigurationList section */
	};
	rootObject = A31D1C182E40BA3500318EC7 /* Project object */;
}
