// !$*UTF8*$!
{
	archiveVersion = 1;
	classes = {
	};
	objectVersion = 77;
	objects = {

/* Begin PBXBuildFile section */
		A30975B72E70459800D25838 /* UINavigationController+Extension.swift in Sources */ = {isa = PBXBuildFile; fileRef = A30975B62E70459800D25838 /* UINavigationController+Extension.swift */; };
		A32CC9472EFE2FE7004C589F /* ReportDTO.swift in Sources */ = {isa = PBXBuildFile; fileRef = A32CC9462EFE2FE7004C589F /* ReportDTO.swift */; };
		A32CC9492EFE2FFB004C589F /* ReportPostUseCase.swift in Sources */ = {isa = PBXBuildFile; fileRef = A32CC9482EFE2FFB004C589F /* ReportPostUseCase.swift */; };
		A32CC94B2EFE3030004C589F /* ReportReasonSheet.swift in Sources */ = {isa = PBXBuildFile; fileRef = A32CC94A2EFE3030004C589F /* ReportReasonSheet.swift */; };
		A32CC94D2EFE3181004C589F /* ReportCommentDTO.swift in Sources */ = {isa = PBXBuildFile; fileRef = A32CC94C2EFE3181004C589F /* ReportCommentDTO.swift */; };
		A32CC94F2EFE319F004C589F /* ReportCommentUseCase.swift in Sources */ = {isa = PBXBuildFile; fileRef = A32CC94E2EFE319F004C589F /* ReportCommentUseCase.swift */; };
		A32CC9522EFE5A93004C589F /* SettingViewModel.swift in Sources */ = {isa = PBXBuildFile; fileRef = A32CC9502EFE5A93004C589F /* SettingViewModel.swift */; };
		A32CC9622EFE5CAC004C589F /* SettingRepository.swift in Sources */ = {isa = PBXBuildFile; fileRef = A32CC9582EFE5CAC004C589F /* SettingRepository.swift */; };
		A32CC9632EFE5CAC004C589F /* GetMyInfoUseCase.swift in Sources */ = {isa = PBXBuildFile; fileRef = A32CC95F2EFE5CAC004C589F /* GetMyInfoUseCase.swift */; };
		A32CC9642EFE5CAC004C589F /* MyInfoMapper.swift in Sources */ = {isa = PBXBuildFile; fileRef = A32CC9562EFE5CAC004C589F /* MyInfoMapper.swift */; };
		A32CC9652EFE5CAC004C589F /* MyInfoDTO.swift in Sources */ = {isa = PBXBuildFile; fileRef = A32CC9532EFE5CAC004C589F /* MyInfoDTO.swift */; };
		A32CC9662EFE5CAC004C589F /* MyInfo.swift in Sources */ = {isa = PBXBuildFile; fileRef = A32CC95B2EFE5CAC004C589F /* MyInfo.swift */; };
		A32CC9672EFE5CAC004C589F /* SettingRepositoryProtocol.swift in Sources */ = {isa = PBXBuildFile; fileRef = A32CC95D2EFE5CAC004C589F /* SettingRepositoryProtocol.swift */; };
		A32CC9692EFE5E9F004C589F /* GetMyPostsUseCase.swift in Sources */ = {isa = PBXBuildFile; fileRef = A32CC9682EFE5E9F004C589F /* GetMyPostsUseCase.swift */; };
		A32CC96B2EFE5EB3004C589F /* MyPostsViewModel.swift in Sources */ = {isa = PBXBuildFile; fileRef = A32CC96A2EFE5EB3004C589F /* MyPostsViewModel.swift */; };
		A32CC96D2EFE5EC8004C589F /* MyPostsView.swift in Sources */ = {isa = PBXBuildFile; fileRef = A32CC96C2EFE5EC8004C589F /* MyPostsView.swift */; };
		A32CC9712EFE66F8004C589F /* WithdrawUseCase.swift in Sources */ = {isa = PBXBuildFile; fileRef = A32CC9702EFE66F8004C589F /* WithdrawUseCase.swift */; };
		A33B44522ED843C600820814 /* FriendListTabView.swift in Sources */ = {isa = PBXBuildFile; fileRef = A33B444B2ED843C600820814 /* FriendListTabView.swift */; };
		A33B44532ED843C600820814 /* FriendsViewModel.swift in Sources */ = {isa = PBXBuildFile; fileRef = A33B44492ED843C600820814 /* FriendsViewModel.swift */; };
		A33B44542ED843C600820814 /* FriendSearchTabView.swift in Sources */ = {isa = PBXBuildFile; fileRef = A33B444D2ED843C600820814 /* FriendSearchTabView.swift */; };
		A33B44552ED843C600820814 /* FriendsTab.swift in Sources */ = {isa = PBXBuildFile; fileRef = A33B44472ED843C600820814 /* FriendsTab.swift */; };
		A33B44562ED843C600820814 /* FriendsView.swift in Sources */ = {isa = PBXBuildFile; fileRef = A33B444E2ED843C600820814 /* FriendsView.swift */; };
		A33B44572ED843C600820814 /* FriendRequest.swift in Sources */ = {isa = PBXBuildFile; fileRef = A33B44442ED843C600820814 /* FriendRequest.swift */; };
		A33B44582ED843C600820814 /* Friend.swift in Sources */ = {isa = PBXBuildFile; fileRef = A33B44432ED843C600820814 /* Friend.swift */; };
		A33B44592ED843C600820814 /* FriendRequestTabView.swift in Sources */ = {isa = PBXBuildFile; fileRef = A33B444C2ED843C600820814 /* FriendRequestTabView.swift */; };
		A3488B8C2E4B60BC00232643 /* Assets.xcassets in Resources */ = {isa = PBXBuildFile; fileRef = A3488B872E4B60BC00232643 /* Assets.xcassets */; };
		A3488B8D2E4B60BC00232643 /* Launch Screen.storyboard in Resources */ = {isa = PBXBuildFile; fileRef = A3488B892E4B60BC00232643 /* Launch Screen.storyboard */; };
		A3488B8F2E4B60BC00232643 /* MorakApp.swift in Sources */ = {isa = PBXBuildFile; fileRef = A3488B8A2E4B60BC00232643 /* MorakApp.swift */; };
		A3488B9A2E4B641C00232643 /* RootTabView.swift in Sources */ = {isa = PBXBuildFile; fileRef = A3488B992E4B641C00232643 /* RootTabView.swift */; };
		A36D7BDB2E58790C005F21C2 /* AppTab.swift in Sources */ = {isa = PBXBuildFile; fileRef = A36D7BD92E58790C005F21C2 /* AppTab.swift */; };
		A36D7BDE2E587B14005F21C2 /* Color+Extension.swift in Sources */ = {isa = PBXBuildFile; fileRef = A36D7BDC2E587B14005F21C2 /* Color+Extension.swift */; };
		A3721BB82ECFFF0A00F3E794 /* UpdateDTO.swift in Sources */ = {isa = PBXBuildFile; fileRef = A3721BB72ECFFF0A00F3E794 /* UpdateDTO.swift */; };
		A3721BBA2ECFFF3300F3E794 /* UpdatePostUseCase.swift in Sources */ = {isa = PBXBuildFile; fileRef = A3721BB92ECFFF3300F3E794 /* UpdatePostUseCase.swift */; };
		A3721BBC2ECFFF5100F3E794 /* EditPostViewModel.swift in Sources */ = {isa = PBXBuildFile; fileRef = A3721BBB2ECFFF5100F3E794 /* EditPostViewModel.swift */; };
		A3721BBE2ECFFF6500F3E794 /* EditPostView.swift in Sources */ = {isa = PBXBuildFile; fileRef = A3721BBD2ECFFF6500F3E794 /* EditPostView.swift */; };
		A372E3502E5EF746001B9CE0 /* Pretendard-Thin.otf in Resources */ = {isa = PBXBuildFile; fileRef = A372E34E2E5EF746001B9CE0 /* Pretendard-Thin.otf */; };
		A372E3512E5EF746001B9CE0 /* Pretendard-ExtraLight.otf in Resources */ = {isa = PBXBuildFile; fileRef = A372E3492E5EF746001B9CE0 /* Pretendard-ExtraLight.otf */; };
		A372E3522E5EF746001B9CE0 /* Pretendard-Bold.otf in Resources */ = {isa = PBXBuildFile; fileRef = A372E3472E5EF746001B9CE0 /* Pretendard-Bold.otf */; };
		A372E3532E5EF746001B9CE0 /* Pretendard-Light.otf in Resources */ = {isa = PBXBuildFile; fileRef = A372E34A2E5EF746001B9CE0 /* Pretendard-Light.otf */; };
		A372E3542E5EF746001B9CE0 /* Pretendard-SemiBold.otf in Resources */ = {isa = PBXBuildFile; fileRef = A372E34D2E5EF746001B9CE0 /* Pretendard-SemiBold.otf */; };
		A372E3552E5EF746001B9CE0 /* Pretendard-Medium.otf in Resources */ = {isa = PBXBuildFile; fileRef = A372E34B2E5EF746001B9CE0 /* Pretendard-Medium.otf */; };
		A372E3562E5EF746001B9CE0 /* Pretendard-Black.otf in Resources */ = {isa = PBXBuildFile; fileRef = A372E3462E5EF746001B9CE0 /* Pretendard-Black.otf */; };
		A372E3572E5EF746001B9CE0 /* Pretendard-Regular.otf in Resources */ = {isa = PBXBuildFile; fileRef = A372E34C2E5EF746001B9CE0 /* Pretendard-Regular.otf */; };
		A372E3582E5EF746001B9CE0 /* Pretendard-ExtraBold.otf in Resources */ = {isa = PBXBuildFile; fileRef = A372E3482E5EF746001B9CE0 /* Pretendard-ExtraBold.otf */; };
		A372E35B2E5EF8A9001B9CE0 /* Font+Extension.swift in Sources */ = {isa = PBXBuildFile; fileRef = A372E35A2E5EF8A9001B9CE0 /* Font+Extension.swift */; };
		A3815F702EBAC97F002363D3 /* CustomAlert.swift in Sources */ = {isa = PBXBuildFile; fileRef = A3815F6F2EBAC97E002363D3 /* CustomAlert.swift */; };
		A3815F732EBB3E99002363D3 /* RefreshTokenModels.swift in Sources */ = {isa = PBXBuildFile; fileRef = A3815F712EBB3E99002363D3 /* RefreshTokenModels.swift */; };
		A3815F772EBB3EAB002363D3 /* RefreshTokenUseCase.swift in Sources */ = {isa = PBXBuildFile; fileRef = A3815F742EBB3EAB002363D3 /* RefreshTokenUseCase.swift */; };
		A3815F792EBB43D1002363D3 /* LikeDTO.swift in Sources */ = {isa = PBXBuildFile; fileRef = A3815F782EBB43D1002363D3 /* LikeDTO.swift */; };
		A3815F7B2EBB4435002363D3 /* LikePostUseCase.swift in Sources */ = {isa = PBXBuildFile; fileRef = A3815F7A2EBB4435002363D3 /* LikePostUseCase.swift */; };
		A3903BBA2EC2B8EE0004A4C3 /* GetPostDetailUseCase.swift in Sources */ = {isa = PBXBuildFile; fileRef = A3903BB92EC2B8EE0004A4C3 /* GetPostDetailUseCase.swift */; };
		A3903BBC2EC2B8FC0004A4C3 /* PostDetailViewModel.swift in Sources */ = {isa = PBXBuildFile; fileRef = A3903BBB2EC2B8FC0004A4C3 /* PostDetailViewModel.swift */; };
		A3903BBE2EC2B9030004A4C3 /* PostDetailView.swift in Sources */ = {isa = PBXBuildFile; fileRef = A3903BBD2EC2B9030004A4C3 /* PostDetailView.swift */; };
		A3903BDE2EC2DE360004A4C3 /* CommentDTO.swift in Sources */ = {isa = PBXBuildFile; fileRef = A3903BC32EC2DE360004A4C3 /* CommentDTO.swift */; };
		A3903BDF2EC2DE360004A4C3 /* LikeCommentUseCase.swift in Sources */ = {isa = PBXBuildFile; fileRef = A3903BD12EC2DE360004A4C3 /* LikeCommentUseCase.swift */; };
		A3903BE02EC2DE360004A4C3 /* GetCommentsUseCase.swift in Sources */ = {isa = PBXBuildFile; fileRef = A3903BD02EC2DE360004A4C3 /* GetCommentsUseCase.swift */; };
		A3903BE12EC2DE360004A4C3 /* CommentAPI.swift in Sources */ = {isa = PBXBuildFile; fileRef = A3903BC52EC2DE360004A4C3 /* CommentAPI.swift */; };
		A3903BE22EC2DE360004A4C3 /* CommentSectionView.swift in Sources */ = {isa = PBXBuildFile; fileRef = A3903BDA2EC2DE360004A4C3 /* CommentSectionView.swift */; };
		A3903BE32EC2DE360004A4C3 /* Comment.swift in Sources */ = {isa = PBXBuildFile; fileRef = A3903BCC2EC2DE360004A4C3 /* Comment.swift */; };
		A3903BE42EC2DE360004A4C3 /* CommentViewModel.swift in Sources */ = {isa = PBXBuildFile; fileRef = A3903BD62EC2DE360004A4C3 /* CommentViewModel.swift */; };
		A3903BE52EC2DE360004A4C3 /* CommentRepository.swift in Sources */ = {isa = PBXBuildFile; fileRef = A3903BC92EC2DE360004A4C3 /* CommentRepository.swift */; };
		A3903BE62EC2DE360004A4C3 /* CommentInputView.swift in Sources */ = {isa = PBXBuildFile; fileRef = A3903BD82EC2DE360004A4C3 /* CommentInputView.swift */; };
		A3903BE72EC2DE360004A4C3 /* CommentItemView.swift in Sources */ = {isa = PBXBuildFile; fileRef = A3903BD92EC2DE360004A4C3 /* CommentItemView.swift */; };
		A3903BE82EC2DE360004A4C3 /* CommentRepositoryProtocol.swift in Sources */ = {isa = PBXBuildFile; fileRef = A3903BCE2EC2DE360004A4C3 /* CommentRepositoryProtocol.swift */; };
		A3903BE92EC2DE360004A4C3 /* CommentMapper.swift in Sources */ = {isa = PBXBuildFile; fileRef = A3903BC72EC2DE360004A4C3 /* CommentMapper.swift */; };
		A3903BEA2EC2DE360004A4C3 /* CommentSortOption.swift in Sources */ = {isa = PBXBuildFile; fileRef = A3903BD42EC2DE360004A4C3 /* CommentSortOption.swift */; };
		A3903BEC2EC2DFE20004A4C3 /* GetRepliesUseCase.swift in Sources */ = {isa = PBXBuildFile; fileRef = A3903BEB2EC2DFE20004A4C3 /* GetRepliesUseCase.swift */; };
		A3903BF02EC30AE00004A4C3 /* String+RelativeDate.swift in Sources */ = {isa = PBXBuildFile; fileRef = A3903BEF2EC30AE00004A4C3 /* String+RelativeDate.swift */; };
		A3903BF22EC30D0F0004A4C3 /* CreateCommentUseCase.swift in Sources */ = {isa = PBXBuildFile; fileRef = A3903BF12EC30D0F0004A4C3 /* CreateCommentUseCase.swift */; };
		A392EC5D2EB9CC10000FA26C /* PostViewModel.swift in Sources */ = {isa = PBXBuildFile; fileRef = A392EC572EB9CC10000FA26C /* PostViewModel.swift */; };
		A392EC5E2EB9CC10000FA26C /* PostAPI.swift in Sources */ = {isa = PBXBuildFile; fileRef = A392EC4A2EB9CC10000FA26C /* PostAPI.swift */; };
		A392EC5F2EB9CC10000FA26C /* PostView.swift in Sources */ = {isa = PBXBuildFile; fileRef = A392EC592EB9CC10000FA26C /* PostView.swift */; };
		A392EC602EB9CC10000FA26C /* PostRepositoryProtocol.swift in Sources */ = {isa = PBXBuildFile; fileRef = A392EC512EB9CC10000FA26C /* PostRepositoryProtocol.swift */; };
		A392EC612EB9CC10000FA26C /* PostRepository.swift in Sources */ = {isa = PBXBuildFile; fileRef = A392EC4C2EB9CC10000FA26C /* PostRepository.swift */; };
		A392EC622EB9CC10000FA26C /* FilterOption.swift in Sources */ = {isa = PBXBuildFile; fileRef = A392EC552EB9CC10000FA26C /* FilterOption.swift */; };
		A392EC632EB9CC10000FA26C /* PostDTO.swift in Sources */ = {isa = PBXBuildFile; fileRef = A392EC482EB9CC10000FA26C /* PostDTO.swift */; };
		A392EC642EB9CC10000FA26C /* Post.swift in Sources */ = {isa = PBXBuildFile; fileRef = A392EC4F2EB9CC10000FA26C /* Post.swift */; };
		A392EC662EB9D570000FA26C /* GetPostListUseCase.swift in Sources */ = {isa = PBXBuildFile; fileRef = A392EC652EB9D570000FA26C /* GetPostListUseCase.swift */; };
		A392EC692EB9DE2B000FA26C /* PostMapper.swift in Sources */ = {isa = PBXBuildFile; fileRef = A392EC672EB9DE2B000FA26C /* PostMapper.swift */; };
		A392EC6B2EB9F17E000FA26C /* PostHeaderView.swift in Sources */ = {isa = PBXBuildFile; fileRef = A392EC6A2EB9F17E000FA26C /* PostHeaderView.swift */; };
		A392EC6D2EB9F225000FA26C /* AuthManager.swift in Sources */ = {isa = PBXBuildFile; fileRef = A392EC6C2EB9F225000FA26C /* AuthManager.swift */; };
		A392EC6F2EB9F6F1000FA26C /* User.swift in Sources */ = {isa = PBXBuildFile; fileRef = A392EC6E2EB9F6F1000FA26C /* User.swift */; };
		A3AA92BD2ED587F100226E79 /* UpdateCommentUseCase.swift in Sources */ = {isa = PBXBuildFile; fileRef = A3AA92BC2ED587F100226E79 /* UpdateCommentUseCase.swift */; };
		A3AA92BF2ED58AC100226E79 /* DeleteCommentUseCase.swift in Sources */ = {isa = PBXBuildFile; fileRef = A3AA92BE2ED58AC100226E79 /* DeleteCommentUseCase.swift */; };
		A3B48A452EBD776D005EFD9D /* CreatePostUseCase.swift in Sources */ = {isa = PBXBuildFile; fileRef = A3B48A442EBD776D005EFD9D /* CreatePostUseCase.swift */; };
		A3B48A472EBD7798005EFD9D /* CreatePostViewModel.swift in Sources */ = {isa = PBXBuildFile; fileRef = A3B48A462EBD7798005EFD9D /* CreatePostViewModel.swift */; };
		A3B48A492EBD77BD005EFD9D /* CreatePostView.swift in Sources */ = {isa = PBXBuildFile; fileRef = A3B48A482EBD77BD005EFD9D /* CreatePostView.swift */; };
		A3B48A4B2EBD7EFF005EFD9D /* CreatDTO.swift in Sources */ = {isa = PBXBuildFile; fileRef = A3B48A4A2EBD7EFF005EFD9D /* CreatDTO.swift */; };
		A3B48A4D2EBD7FA3005EFD9D /* FilterSectionView.swift in Sources */ = {isa = PBXBuildFile; fileRef = A3B48A4C2EBD7F9C005EFD9D /* FilterSectionView.swift */; };
		A3B48A4F2EBD7FD9005EFD9D /* PostCardView.swift in Sources */ = {isa = PBXBuildFile; fileRef = A3B48A4E2EBD7FD9005EFD9D /* PostCardView.swift */; };
		A3B48A512EBD80B9005EFD9D /* View+Extension.swift in Sources */ = {isa = PBXBuildFile; fileRef = A3B48A502EBD80B9005EFD9D /* View+Extension.swift */; };
		A3E505732EFA3A10009EECBA /* UserSearchDTO.swift in Sources */ = {isa = PBXBuildFile; fileRef = A3E5056E2EFA3A10009EECBA /* UserSearchDTO.swift */; };
		A3E505742EFA3A10009EECBA /* UserRepository.swift in Sources */ = {isa = PBXBuildFile; fileRef = A3E505702EFA3A10009EECBA /* UserRepository.swift */; };
		A3E505772EFA3A26009EECBA /* UserRepositoryProtocol.swift in Sources */ = {isa = PBXBuildFile; fileRef = A3E505752EFA3A26009EECBA /* UserRepositoryProtocol.swift */; };
		A3E5057A2EFA3A30009EECBA /* SearchUsersUseCase.swift in Sources */ = {isa = PBXBuildFile; fileRef = A3E505782EFA3A30009EECBA /* SearchUsersUseCase.swift */; };
		A3E5057C2EFA61F9009EECBA /* FriendDTO.swift in Sources */ = {isa = PBXBuildFile; fileRef = A3E5057B2EFA61F9009EECBA /* FriendDTO.swift */; };
		A3E5057E2EFA6213009EECBA /* FriendRepositoryProtocol.swift in Sources */ = {isa = PBXBuildFile; fileRef = A3E5057D2EFA6213009EECBA /* FriendRepositoryProtocol.swift */; };
		A3E505802EFA621F009EECBA /* GetFriendsUseCase.swift in Sources */ = {isa = PBXBuildFile; fileRef = A3E5057F2EFA621F009EECBA /* GetFriendsUseCase.swift */; };
		A3E505822EFA6230009EECBA /* FriendRepository.swift in Sources */ = {isa = PBXBuildFile; fileRef = A3E505812EFA6230009EECBA /* FriendRepository.swift */; };
		A3E505842EFA636A009EECBA /* FriendRequestDTO.swift in Sources */ = {isa = PBXBuildFile; fileRef = A3E505832EFA636A009EECBA /* FriendRequestDTO.swift */; };
		A3E505862EFA6AE4009EECBA /* GetFriendRequestsUseCase.swift in Sources */ = {isa = PBXBuildFile; fileRef = A3E505852EFA6AE4009EECBA /* GetFriendRequestsUseCase.swift */; };
		A3E505882EFA6C67009EECBA /* AcceptFriendRequestUseCase.swift in Sources */ = {isa = PBXBuildFile; fileRef = A3E505872EFA6C67009EECBA /* AcceptFriendRequestUseCase.swift */; };
		A3E5058A2EFA6C6A009EECBA /* RejectFriendRequestUseCase.swift in Sources */ = {isa = PBXBuildFile; fileRef = A3E505892EFA6C6A009EECBA /* RejectFriendRequestUseCase.swift */; };
		A3E5058C2EFA6DB9009EECBA /* SendFriendRequestUseCase.swift in Sources */ = {isa = PBXBuildFile; fileRef = A3E5058B2EFA6DB9009EECBA /* SendFriendRequestUseCase.swift */; };
		A3E5058E2EFA6F87009EECBA /* DeleteFriendUseCase.swift in Sources */ = {isa = PBXBuildFile; fileRef = A3E5058D2EFA6F87009EECBA /* DeleteFriendUseCase.swift */; };
		D4B1C7422E76C081001C4743 /* AuthFlowView.swift in Sources */ = {isa = PBXBuildFile; fileRef = D4B1C7182E76C081001C4743 /* AuthFlowView.swift */; };
		D4B1C7432E76C081001C4743 /* ChatView.swift in Sources */ = {isa = PBXBuildFile; fileRef = D4B1C7302E76C081001C4743 /* ChatView.swift */; };
		D4B1C7442E76C081001C4743 /* serverUrl.swift in Sources */ = {isa = PBXBuildFile; fileRef = D4B1C7112E76C081001C4743 /* serverUrl.swift */; };
		D4B1C7452E76C081001C4743 /* LogoutViewModel.swift in Sources */ = {isa = PBXBuildFile; fileRef = D4B1C7262E76C081001C4743 /* LogoutViewModel.swift */; };
		D4B1C7462E76C081001C4743 /* LoginUseCase.swift in Sources */ = {isa = PBXBuildFile; fileRef = D4B1C71D2E76C081001C4743 /* LoginUseCase.swift */; };
		D4B1C7472E76C081001C4743 /* SecureTokenManager.swift in Sources */ = {isa = PBXBuildFile; fileRef = D4B1C70B2E76C081001C4743 /* SecureTokenManager.swift */; };
		D4B1C7492E76C081001C4743 /* AuthRepository.swift in Sources */ = {isa = PBXBuildFile; fileRef = D4B1C7292E76C081001C4743 /* AuthRepository.swift */; };
		D4B1C74D2E76C081001C4743 /* LoginView.swift in Sources */ = {isa = PBXBuildFile; fileRef = D4B1C7212E76C081001C4743 /* LoginView.swift */; };
		D4B1C74E2E76C081001C4743 /* AppState.swift in Sources */ = {isa = PBXBuildFile; fileRef = D4B1C7132E76C081001C4743 /* AppState.swift */; };
		D4B1C74F2E76C081001C4743 /* LoginViewModel.swift in Sources */ = {isa = PBXBuildFile; fileRef = D4B1C71F2E76C081001C4743 /* LoginViewModel.swift */; };
		D4B1C7512E76C081001C4743 /* SignupView.swift in Sources */ = {isa = PBXBuildFile; fileRef = D4B1C72C2E76C081001C4743 /* SignupView.swift */; };
		D4B1C7532E76C081001C4743 /* BaseResponse.swift in Sources */ = {isa = PBXBuildFile; fileRef = D4B1C70F2E76C081001C4743 /* BaseResponse.swift */; };
		D4B1C7542E76C081001C4743 /* APIManager.swift in Sources */ = {isa = PBXBuildFile; fileRef = D4B1C70E2E76C081001C4743 /* APIManager.swift */; };
		D4B1C7552E76C081001C4743 /* SettingView.swift in Sources */ = {isa = PBXBuildFile; fileRef = D4B1C73E2E76C081001C4743 /* SettingView.swift */; };
		D4B1C7562E76C081001C4743 /* NetworkError.swift in Sources */ = {isa = PBXBuildFile; fileRef = D4B1C7102E76C081001C4743 /* NetworkError.swift */; };
		D4B1C7572E76C081001C4743 /* APIEndpoint.swift in Sources */ = {isa = PBXBuildFile; fileRef = D4B1C70D2E76C081001C4743 /* APIEndpoint.swift */; };
		D4B1C7582E76C081001C4743 /* LoginModels.swift in Sources */ = {isa = PBXBuildFile; fileRef = D4B1C71B2E76C081001C4743 /* LoginModels.swift */; };
		D4B1C75A2E76C081001C4743 /* LogoutUseCase.swift in Sources */ = {isa = PBXBuildFile; fileRef = D4B1C7242E76C081001C4743 /* LogoutUseCase.swift */; };
		D4B1C75D2E76CD74001C4743 /* SignupModels.swift in Sources */ = {isa = PBXBuildFile; fileRef = D4B1C75B2E76CD74001C4743 /* SignupModels.swift */; };
		D4B1C76A2E76CDE0001C4743 /* SignupViewModel.swift in Sources */ = {isa = PBXBuildFile; fileRef = D4B1C7682E76CDE0001C4743 /* SignupViewModel.swift */; };
		D4B1C76D2E76D047001C4743 /* EmailRepository.swift in Sources */ = {isa = PBXBuildFile; fileRef = D4B1C76B2E76D047001C4743 /* EmailRepository.swift */; };
		D4B1C7702E76D47B001C4743 /* SignupUseCase.swift in Sources */ = {isa = PBXBuildFile; fileRef = D4B1C76E2E76D47B001C4743 /* SignupUseCase.swift */; };
/* End PBXBuildFile section */

/* Begin PBXContainerItemProxy section */
		A31D1C2E2E40BA3600318EC7 /* PBXContainerItemProxy */ = {
			isa = PBXContainerItemProxy;
			containerPortal = A31D1C182E40BA3500318EC7 /* Project object */;
			proxyType = 1;
			remoteGlobalIDString = A31D1C1F2E40BA3500318EC7;
			remoteInfo = Morak;
		};
		A31D1C382E40BA3600318EC7 /* PBXContainerItemProxy */ = {
			isa = PBXContainerItemProxy;
			containerPortal = A31D1C182E40BA3500318EC7 /* Project object */;
			proxyType = 1;
			remoteGlobalIDString = A31D1C1F2E40BA3500318EC7;
			remoteInfo = Morak;
		};
/* End PBXContainerItemProxy section */

/* Begin PBXFileReference section */
		A30975B62E70459800D25838 /* UINavigationController+Extension.swift */ = {isa = PBXFileReference; lastKnownFileType = sourcecode.swift; path = "UINavigationController+Extension.swift"; sourceTree = "<group>"; };
		A31D1C202E40BA3500318EC7 /* Morak.app */ = {isa = PBXFileReference; explicitFileType = wrapper.application; includeInIndex = 0; path = Morak.app; sourceTree = BUILT_PRODUCTS_DIR; };
		A31D1C2D2E40BA3600318EC7 /* MorakTests.xctest */ = {isa = PBXFileReference; explicitFileType = wrapper.cfbundle; includeInIndex = 0; path = MorakTests.xctest; sourceTree = BUILT_PRODUCTS_DIR; };
		A31D1C372E40BA3600318EC7 /* MorakUITests.xctest */ = {isa = PBXFileReference; explicitFileType = wrapper.cfbundle; includeInIndex = 0; path = MorakUITests.xctest; sourceTree = BUILT_PRODUCTS_DIR; };
		A32CC9462EFE2FE7004C589F /* ReportDTO.swift */ = {isa = PBXFileReference; lastKnownFileType = sourcecode.swift; path = ReportDTO.swift; sourceTree = "<group>"; };
		A32CC9482EFE2FFB004C589F /* ReportPostUseCase.swift */ = {isa = PBXFileReference; lastKnownFileType = sourcecode.swift; path = ReportPostUseCase.swift; sourceTree = "<group>"; };
		A32CC94A2EFE3030004C589F /* ReportReasonSheet.swift */ = {isa = PBXFileReference; lastKnownFileType = sourcecode.swift; path = ReportReasonSheet.swift; sourceTree = "<group>"; };
		A32CC94C2EFE3181004C589F /* ReportCommentDTO.swift */ = {isa = PBXFileReference; lastKnownFileType = sourcecode.swift; path = ReportCommentDTO.swift; sourceTree = "<group>"; };
		A32CC94E2EFE319F004C589F /* ReportCommentUseCase.swift */ = {isa = PBXFileReference; lastKnownFileType = sourcecode.swift; path = ReportCommentUseCase.swift; sourceTree = "<group>"; };
		A32CC9502EFE5A93004C589F /* SettingViewModel.swift */ = {isa = PBXFileReference; lastKnownFileType = sourcecode.swift; path = SettingViewModel.swift; sourceTree = "<group>"; };
		A32CC9532EFE5CAC004C589F /* MyInfoDTO.swift */ = {isa = PBXFileReference; lastKnownFileType = sourcecode.swift; path = MyInfoDTO.swift; sourceTree = "<group>"; };
		A32CC9562EFE5CAC004C589F /* MyInfoMapper.swift */ = {isa = PBXFileReference; lastKnownFileType = sourcecode.swift; path = MyInfoMapper.swift; sourceTree = "<group>"; };
		A32CC9582EFE5CAC004C589F /* SettingRepository.swift */ = {isa = PBXFileReference; lastKnownFileType = sourcecode.swift; path = SettingRepository.swift; sourceTree = "<group>"; };
		A32CC95B2EFE5CAC004C589F /* MyInfo.swift */ = {isa = PBXFileReference; lastKnownFileType = sourcecode.swift; path = MyInfo.swift; sourceTree = "<group>"; };
		A32CC95D2EFE5CAC004C589F /* SettingRepositoryProtocol.swift */ = {isa = PBXFileReference; lastKnownFileType = sourcecode.swift; path = SettingRepositoryProtocol.swift; sourceTree = "<group>"; };
		A32CC95F2EFE5CAC004C589F /* GetMyInfoUseCase.swift */ = {isa = PBXFileReference; lastKnownFileType = sourcecode.swift; path = GetMyInfoUseCase.swift; sourceTree = "<group>"; };
		A32CC9682EFE5E9F004C589F /* GetMyPostsUseCase.swift */ = {isa = PBXFileReference; lastKnownFileType = sourcecode.swift; path = GetMyPostsUseCase.swift; sourceTree = "<group>"; };
		A32CC96A2EFE5EB3004C589F /* MyPostsViewModel.swift */ = {isa = PBXFileReference; lastKnownFileType = sourcecode.swift; path = MyPostsViewModel.swift; sourceTree = "<group>"; };
		A32CC96C2EFE5EC8004C589F /* MyPostsView.swift */ = {isa = PBXFileReference; lastKnownFileType = sourcecode.swift; path = MyPostsView.swift; sourceTree = "<group>"; };
		A32CC9702EFE66F8004C589F /* WithdrawUseCase.swift */ = {isa = PBXFileReference; lastKnownFileType = sourcecode.swift; path = WithdrawUseCase.swift; sourceTree = "<group>"; };
		A33B44432ED843C600820814 /* Friend.swift */ = {isa = PBXFileReference; lastKnownFileType = sourcecode.swift; path = Friend.swift; sourceTree = "<group>"; };
		A33B44442ED843C600820814 /* FriendRequest.swift */ = {isa = PBXFileReference; lastKnownFileType = sourcecode.swift; path = FriendRequest.swift; sourceTree = "<group>"; };
		A33B44472ED843C600820814 /* FriendsTab.swift */ = {isa = PBXFileReference; lastKnownFileType = sourcecode.swift; path = FriendsTab.swift; sourceTree = "<group>"; };
		A33B44492ED843C600820814 /* FriendsViewModel.swift */ = {isa = PBXFileReference; lastKnownFileType = sourcecode.swift; path = FriendsViewModel.swift; sourceTree = "<group>"; };
		A33B444B2ED843C600820814 /* FriendListTabView.swift */ = {isa = PBXFileReference; lastKnownFileType = sourcecode.swift; path = FriendListTabView.swift; sourceTree = "<group>"; };
		A33B444C2ED843C600820814 /* FriendRequestTabView.swift */ = {isa = PBXFileReference; lastKnownFileType = sourcecode.swift; path = FriendRequestTabView.swift; sourceTree = "<group>"; };
		A33B444D2ED843C600820814 /* FriendSearchTabView.swift */ = {isa = PBXFileReference; lastKnownFileType = sourcecode.swift; path = FriendSearchTabView.swift; sourceTree = "<group>"; };
		A33B444E2ED843C600820814 /* FriendsView.swift */ = {isa = PBXFileReference; lastKnownFileType = sourcecode.swift; path = FriendsView.swift; sourceTree = "<group>"; };
		A3488B872E4B60BC00232643 /* Assets.xcassets */ = {isa = PBXFileReference; lastKnownFileType = folder.assetcatalog; path = Assets.xcassets; sourceTree = "<group>"; };
		A3488B892E4B60BC00232643 /* Launch Screen.storyboard */ = {isa = PBXFileReference; lastKnownFileType = file.storyboard; path = "Launch Screen.storyboard"; sourceTree = "<group>"; };
		A3488B8A2E4B60BC00232643 /* MorakApp.swift */ = {isa = PBXFileReference; lastKnownFileType = sourcecode.swift; path = MorakApp.swift; sourceTree = "<group>"; };
		A3488B992E4B641C00232643 /* RootTabView.swift */ = {isa = PBXFileReference; lastKnownFileType = sourcecode.swift; path = RootTabView.swift; sourceTree = "<group>"; };
		A36D7BD92E58790C005F21C2 /* AppTab.swift */ = {isa = PBXFileReference; lastKnownFileType = sourcecode.swift; path = AppTab.swift; sourceTree = "<group>"; };
		A36D7BDC2E587B14005F21C2 /* Color+Extension.swift */ = {isa = PBXFileReference; lastKnownFileType = sourcecode.swift; path = "Color+Extension.swift"; sourceTree = "<group>"; };
		A3721BB72ECFFF0A00F3E794 /* UpdateDTO.swift */ = {isa = PBXFileReference; lastKnownFileType = sourcecode.swift; path = UpdateDTO.swift; sourceTree = "<group>"; };
		A3721BB92ECFFF3300F3E794 /* UpdatePostUseCase.swift */ = {isa = PBXFileReference; lastKnownFileType = sourcecode.swift; path = UpdatePostUseCase.swift; sourceTree = "<group>"; };
		A3721BBB2ECFFF5100F3E794 /* EditPostViewModel.swift */ = {isa = PBXFileReference; lastKnownFileType = sourcecode.swift; path = EditPostViewModel.swift; sourceTree = "<group>"; };
		A3721BBD2ECFFF6500F3E794 /* EditPostView.swift */ = {isa = PBXFileReference; lastKnownFileType = sourcecode.swift; path = EditPostView.swift; sourceTree = "<group>"; };
		A372E3462E5EF746001B9CE0 /* Pretendard-Black.otf */ = {isa = PBXFileReference; lastKnownFileType = file; path = "Pretendard-Black.otf"; sourceTree = "<group>"; };
		A372E3472E5EF746001B9CE0 /* Pretendard-Bold.otf */ = {isa = PBXFileReference; lastKnownFileType = file; path = "Pretendard-Bold.otf"; sourceTree = "<group>"; };
		A372E3482E5EF746001B9CE0 /* Pretendard-ExtraBold.otf */ = {isa = PBXFileReference; lastKnownFileType = file; path = "Pretendard-ExtraBold.otf"; sourceTree = "<group>"; };
		A372E3492E5EF746001B9CE0 /* Pretendard-ExtraLight.otf */ = {isa = PBXFileReference; lastKnownFileType = file; path = "Pretendard-ExtraLight.otf"; sourceTree = "<group>"; };
		A372E34A2E5EF746001B9CE0 /* Pretendard-Light.otf */ = {isa = PBXFileReference; lastKnownFileType = file; path = "Pretendard-Light.otf"; sourceTree = "<group>"; };
		A372E34B2E5EF746001B9CE0 /* Pretendard-Medium.otf */ = {isa = PBXFileReference; lastKnownFileType = file; path = "Pretendard-Medium.otf"; sourceTree = "<group>"; };
		A372E34C2E5EF746001B9CE0 /* Pretendard-Regular.otf */ = {isa = PBXFileReference; lastKnownFileType = file; path = "Pretendard-Regular.otf"; sourceTree = "<group>"; };
		A372E34D2E5EF746001B9CE0 /* Pretendard-SemiBold.otf */ = {isa = PBXFileReference; lastKnownFileType = file; path = "Pretendard-SemiBold.otf"; sourceTree = "<group>"; };
		A372E34E2E5EF746001B9CE0 /* Pretendard-Thin.otf */ = {isa = PBXFileReference; lastKnownFileType = file; path = "Pretendard-Thin.otf"; sourceTree = "<group>"; };
		A372E3592E5EF772001B9CE0 /* Info.plist */ = {isa = PBXFileReference; lastKnownFileType = text.plist.xml; path = Info.plist; sourceTree = "<group>"; };
		A372E35A2E5EF8A9001B9CE0 /* Font+Extension.swift */ = {isa = PBXFileReference; lastKnownFileType = sourcecode.swift; path = "Font+Extension.swift"; sourceTree = "<group>"; };
		A3815F6F2EBAC97E002363D3 /* CustomAlert.swift */ = {isa = PBXFileReference; lastKnownFileType = sourcecode.swift; path = CustomAlert.swift; sourceTree = "<group>"; };
		A3815F712EBB3E99002363D3 /* RefreshTokenModels.swift */ = {isa = PBXFileReference; lastKnownFileType = sourcecode.swift; path = RefreshTokenModels.swift; sourceTree = "<group>"; };
		A3815F742EBB3EAB002363D3 /* RefreshTokenUseCase.swift */ = {isa = PBXFileReference; lastKnownFileType = sourcecode.swift; path = RefreshTokenUseCase.swift; sourceTree = "<group>"; };
		A3815F782EBB43D1002363D3 /* LikeDTO.swift */ = {isa = PBXFileReference; lastKnownFileType = sourcecode.swift; path = LikeDTO.swift; sourceTree = "<group>"; };
		A3815F7A2EBB4435002363D3 /* LikePostUseCase.swift */ = {isa = PBXFileReference; lastKnownFileType = sourcecode.swift; path = LikePostUseCase.swift; sourceTree = "<group>"; };
		A3903BB92EC2B8EE0004A4C3 /* GetPostDetailUseCase.swift */ = {isa = PBXFileReference; lastKnownFileType = sourcecode.swift; path = GetPostDetailUseCase.swift; sourceTree = "<group>"; };
		A3903BBB2EC2B8FC0004A4C3 /* PostDetailViewModel.swift */ = {isa = PBXFileReference; lastKnownFileType = sourcecode.swift; path = PostDetailViewModel.swift; sourceTree = "<group>"; };
		A3903BBD2EC2B9030004A4C3 /* PostDetailView.swift */ = {isa = PBXFileReference; lastKnownFileType = sourcecode.swift; path = PostDetailView.swift; sourceTree = "<group>"; };
		A3903BC32EC2DE360004A4C3 /* CommentDTO.swift */ = {isa = PBXFileReference; lastKnownFileType = sourcecode.swift; path = CommentDTO.swift; sourceTree = "<group>"; };
		A3903BC52EC2DE360004A4C3 /* CommentAPI.swift */ = {isa = PBXFileReference; lastKnownFileType = sourcecode.swift; path = CommentAPI.swift; sourceTree = "<group>"; };
		A3903BC72EC2DE360004A4C3 /* CommentMapper.swift */ = {isa = PBXFileReference; lastKnownFileType = sourcecode.swift; path = CommentMapper.swift; sourceTree = "<group>"; };
		A3903BC92EC2DE360004A4C3 /* CommentRepository.swift */ = {isa = PBXFileReference; lastKnownFileType = sourcecode.swift; path = CommentRepository.swift; sourceTree = "<group>"; };
		A3903BCC2EC2DE360004A4C3 /* Comment.swift */ = {isa = PBXFileReference; lastKnownFileType = sourcecode.swift; path = Comment.swift; sourceTree = "<group>"; };
		A3903BCE2EC2DE360004A4C3 /* CommentRepositoryProtocol.swift */ = {isa = PBXFileReference; lastKnownFileType = sourcecode.swift; path = CommentRepositoryProtocol.swift; sourceTree = "<group>"; };
		A3903BD02EC2DE360004A4C3 /* GetCommentsUseCase.swift */ = {isa = PBXFileReference; lastKnownFileType = sourcecode.swift; path = GetCommentsUseCase.swift; sourceTree = "<group>"; };
		A3903BD12EC2DE360004A4C3 /* LikeCommentUseCase.swift */ = {isa = PBXFileReference; lastKnownFileType = sourcecode.swift; path = LikeCommentUseCase.swift; sourceTree = "<group>"; };
		A3903BD42EC2DE360004A4C3 /* CommentSortOption.swift */ = {isa = PBXFileReference; lastKnownFileType = sourcecode.swift; path = CommentSortOption.swift; sourceTree = "<group>"; };
		A3903BD62EC2DE360004A4C3 /* CommentViewModel.swift */ = {isa = PBXFileReference; lastKnownFileType = sourcecode.swift; path = CommentViewModel.swift; sourceTree = "<group>"; };
		A3903BD82EC2DE360004A4C3 /* CommentInputView.swift */ = {isa = PBXFileReference; lastKnownFileType = sourcecode.swift; path = CommentInputView.swift; sourceTree = "<group>"; };
		A3903BD92EC2DE360004A4C3 /* CommentItemView.swift */ = {isa = PBXFileReference; lastKnownFileType = sourcecode.swift; path = CommentItemView.swift; sourceTree = "<group>"; };
		A3903BDA2EC2DE360004A4C3 /* CommentSectionView.swift */ = {isa = PBXFileReference; lastKnownFileType = sourcecode.swift; path = CommentSectionView.swift; sourceTree = "<group>"; };
		A3903BEB2EC2DFE20004A4C3 /* GetRepliesUseCase.swift */ = {isa = PBXFileReference; lastKnownFileType = sourcecode.swift; path = GetRepliesUseCase.swift; sourceTree = "<group>"; };
		A3903BEF2EC30AE00004A4C3 /* String+RelativeDate.swift */ = {isa = PBXFileReference; lastKnownFileType = sourcecode.swift; path = "String+RelativeDate.swift"; sourceTree = "<group>"; };
		A3903BF12EC30D0F0004A4C3 /* CreateCommentUseCase.swift */ = {isa = PBXFileReference; lastKnownFileType = sourcecode.swift; path = CreateCommentUseCase.swift; sourceTree = "<group>"; };
		A392EC482EB9CC10000FA26C /* PostDTO.swift */ = {isa = PBXFileReference; lastKnownFileType = sourcecode.swift; path = PostDTO.swift; sourceTree = "<group>"; };
		A392EC4A2EB9CC10000FA26C /* PostAPI.swift */ = {isa = PBXFileReference; lastKnownFileType = sourcecode.swift; path = PostAPI.swift; sourceTree = "<group>"; };
		A392EC4C2EB9CC10000FA26C /* PostRepository.swift */ = {isa = PBXFileReference; lastKnownFileType = sourcecode.swift; path = PostRepository.swift; sourceTree = "<group>"; };
		A392EC4F2EB9CC10000FA26C /* Post.swift */ = {isa = PBXFileReference; lastKnownFileType = sourcecode.swift; path = Post.swift; sourceTree = "<group>"; };
		A392EC512EB9CC10000FA26C /* PostRepositoryProtocol.swift */ = {isa = PBXFileReference; lastKnownFileType = sourcecode.swift; path = PostRepositoryProtocol.swift; sourceTree = "<group>"; };
		A392EC552EB9CC10000FA26C /* FilterOption.swift */ = {isa = PBXFileReference; lastKnownFileType = sourcecode.swift; path = FilterOption.swift; sourceTree = "<group>"; };
		A392EC572EB9CC10000FA26C /* PostViewModel.swift */ = {isa = PBXFileReference; lastKnownFileType = sourcecode.swift; path = PostViewModel.swift; sourceTree = "<group>"; };
		A392EC592EB9CC10000FA26C /* PostView.swift */ = {isa = PBXFileReference; lastKnownFileType = sourcecode.swift; path = PostView.swift; sourceTree = "<group>"; };
		A392EC652EB9D570000FA26C /* GetPostListUseCase.swift */ = {isa = PBXFileReference; lastKnownFileType = sourcecode.swift; path = GetPostListUseCase.swift; sourceTree = "<group>"; };
		A392EC672EB9DE2B000FA26C /* PostMapper.swift */ = {isa = PBXFileReference; lastKnownFileType = sourcecode.swift; path = PostMapper.swift; sourceTree = "<group>"; };
		A392EC6A2EB9F17E000FA26C /* PostHeaderView.swift */ = {isa = PBXFileReference; lastKnownFileType = sourcecode.swift; path = PostHeaderView.swift; sourceTree = "<group>"; };
		A392EC6C2EB9F225000FA26C /* AuthManager.swift */ = {isa = PBXFileReference; lastKnownFileType = sourcecode.swift; path = AuthManager.swift; sourceTree = "<group>"; };
		A392EC6E2EB9F6F1000FA26C /* User.swift */ = {isa = PBXFileReference; lastKnownFileType = sourcecode.swift; path = User.swift; sourceTree = "<group>"; };
		A3AA92BC2ED587F100226E79 /* UpdateCommentUseCase.swift */ = {isa = PBXFileReference; lastKnownFileType = sourcecode.swift; path = UpdateCommentUseCase.swift; sourceTree = "<group>"; };
		A3AA92BE2ED58AC100226E79 /* DeleteCommentUseCase.swift */ = {isa = PBXFileReference; lastKnownFileType = sourcecode.swift; path = DeleteCommentUseCase.swift; sourceTree = "<group>"; };
		A3B48A442EBD776D005EFD9D /* CreatePostUseCase.swift */ = {isa = PBXFileReference; lastKnownFileType = sourcecode.swift; path = CreatePostUseCase.swift; sourceTree = "<group>"; };
		A3B48A462EBD7798005EFD9D /* CreatePostViewModel.swift */ = {isa = PBXFileReference; lastKnownFileType = sourcecode.swift; path = CreatePostViewModel.swift; sourceTree = "<group>"; };
		A3B48A482EBD77BD005EFD9D /* CreatePostView.swift */ = {isa = PBXFileReference; lastKnownFileType = sourcecode.swift; path = CreatePostView.swift; sourceTree = "<group>"; };
		A3B48A4A2EBD7EFF005EFD9D /* CreatDTO.swift */ = {isa = PBXFileReference; lastKnownFileType = sourcecode.swift; path = CreatDTO.swift; sourceTree = "<group>"; };
		A3B48A4C2EBD7F9C005EFD9D /* FilterSectionView.swift */ = {isa = PBXFileReference; lastKnownFileType = sourcecode.swift; path = FilterSectionView.swift; sourceTree = "<group>"; };
		A3B48A4E2EBD7FD9005EFD9D /* PostCardView.swift */ = {isa = PBXFileReference; lastKnownFileType = sourcecode.swift; path = PostCardView.swift; sourceTree = "<group>"; };
		A3B48A502EBD80B9005EFD9D /* View+Extension.swift */ = {isa = PBXFileReference; lastKnownFileType = sourcecode.swift; path = "View+Extension.swift"; sourceTree = "<group>"; };
		A3E5056E2EFA3A10009EECBA /* UserSearchDTO.swift */ = {isa = PBXFileReference; lastKnownFileType = sourcecode.swift; path = UserSearchDTO.swift; sourceTree = "<group>"; };
		A3E505702EFA3A10009EECBA /* UserRepository.swift */ = {isa = PBXFileReference; lastKnownFileType = sourcecode.swift; path = UserRepository.swift; sourceTree = "<group>"; };
		A3E505752EFA3A26009EECBA /* UserRepositoryProtocol.swift */ = {isa = PBXFileReference; lastKnownFileType = sourcecode.swift; path = UserRepositoryProtocol.swift; sourceTree = "<group>"; };
		A3E505782EFA3A30009EECBA /* SearchUsersUseCase.swift */ = {isa = PBXFileReference; lastKnownFileType = sourcecode.swift; path = SearchUsersUseCase.swift; sourceTree = "<group>"; };
		A3E5057B2EFA61F9009EECBA /* FriendDTO.swift */ = {isa = PBXFileReference; lastKnownFileType = sourcecode.swift; path = FriendDTO.swift; sourceTree = "<group>"; };
		A3E5057D2EFA6213009EECBA /* FriendRepositoryProtocol.swift */ = {isa = PBXFileReference; lastKnownFileType = sourcecode.swift; path = FriendRepositoryProtocol.swift; sourceTree = "<group>"; };
		A3E5057F2EFA621F009EECBA /* GetFriendsUseCase.swift */ = {isa = PBXFileReference; lastKnownFileType = sourcecode.swift; path = GetFriendsUseCase.swift; sourceTree = "<group>"; };
		A3E505812EFA6230009EECBA /* FriendRepository.swift */ = {isa = PBXFileReference; lastKnownFileType = sourcecode.swift; path = FriendRepository.swift; sourceTree = "<group>"; };
		A3E505832EFA636A009EECBA /* FriendRequestDTO.swift */ = {isa = PBXFileReference; lastKnownFileType = sourcecode.swift; path = FriendRequestDTO.swift; sourceTree = "<group>"; };
		A3E505852EFA6AE4009EECBA /* GetFriendRequestsUseCase.swift */ = {isa = PBXFileReference; lastKnownFileType = sourcecode.swift; path = GetFriendRequestsUseCase.swift; sourceTree = "<group>"; };
		A3E505872EFA6C67009EECBA /* AcceptFriendRequestUseCase.swift */ = {isa = PBXFileReference; lastKnownFileType = sourcecode.swift; path = AcceptFriendRequestUseCase.swift; sourceTree = "<group>"; };
		A3E505892EFA6C6A009EECBA /* RejectFriendRequestUseCase.swift */ = {isa = PBXFileReference; lastKnownFileType = sourcecode.swift; path = RejectFriendRequestUseCase.swift; sourceTree = "<group>"; };
		A3E5058B2EFA6DB9009EECBA /* SendFriendRequestUseCase.swift */ = {isa = PBXFileReference; lastKnownFileType = sourcecode.swift; path = SendFriendRequestUseCase.swift; sourceTree = "<group>"; };
		A3E5058D2EFA6F87009EECBA /* DeleteFriendUseCase.swift */ = {isa = PBXFileReference; lastKnownFileType = sourcecode.swift; path = DeleteFriendUseCase.swift; sourceTree = "<group>"; };
		D4B1C70B2E76C081001C4743 /* SecureTokenManager.swift */ = {isa = PBXFileReference; lastKnownFileType = sourcecode.swift; path = SecureTokenManager.swift; sourceTree = "<group>"; };
		D4B1C70D2E76C081001C4743 /* APIEndpoint.swift */ = {isa = PBXFileReference; lastKnownFileType = sourcecode.swift; path = APIEndpoint.swift; sourceTree = "<group>"; };
		D4B1C70E2E76C081001C4743 /* APIManager.swift */ = {isa = PBXFileReference; lastKnownFileType = sourcecode.swift; path = APIManager.swift; sourceTree = "<group>"; };
		D4B1C70F2E76C081001C4743 /* BaseResponse.swift */ = {isa = PBXFileReference; lastKnownFileType = sourcecode.swift; path = BaseResponse.swift; sourceTree = "<group>"; };
		D4B1C7102E76C081001C4743 /* NetworkError.swift */ = {isa = PBXFileReference; lastKnownFileType = sourcecode.swift; path = NetworkError.swift; sourceTree = "<group>"; };
		D4B1C7112E76C081001C4743 /* serverUrl.swift */ = {isa = PBXFileReference; lastKnownFileType = sourcecode.swift; path = serverUrl.swift; sourceTree = "<group>"; };
		D4B1C7132E76C081001C4743 /* AppState.swift */ = {isa = PBXFileReference; lastKnownFileType = sourcecode.swift; path = AppState.swift; sourceTree = "<group>"; };
		D4B1C7182E76C081001C4743 /* AuthFlowView.swift */ = {isa = PBXFileReference; lastKnownFileType = sourcecode.swift; path = AuthFlowView.swift; sourceTree = "<group>"; };
		D4B1C71B2E76C081001C4743 /* LoginModels.swift */ = {isa = PBXFileReference; lastKnownFileType = sourcecode.swift; path = LoginModels.swift; sourceTree = "<group>"; };
		D4B1C71D2E76C081001C4743 /* LoginUseCase.swift */ = {isa = PBXFileReference; lastKnownFileType = sourcecode.swift; path = LoginUseCase.swift; sourceTree = "<group>"; };
		D4B1C71F2E76C081001C4743 /* LoginViewModel.swift */ = {isa = PBXFileReference; lastKnownFileType = sourcecode.swift; path = LoginViewModel.swift; sourceTree = "<group>"; };
		D4B1C7212E76C081001C4743 /* LoginView.swift */ = {isa = PBXFileReference; lastKnownFileType = sourcecode.swift; path = LoginView.swift; sourceTree = "<group>"; };
		D4B1C7242E76C081001C4743 /* LogoutUseCase.swift */ = {isa = PBXFileReference; lastKnownFileType = sourcecode.swift; path = LogoutUseCase.swift; sourceTree = "<group>"; };
		D4B1C7262E76C081001C4743 /* LogoutViewModel.swift */ = {isa = PBXFileReference; lastKnownFileType = sourcecode.swift; path = LogoutViewModel.swift; sourceTree = "<group>"; };
		D4B1C7292E76C081001C4743 /* AuthRepository.swift */ = {isa = PBXFileReference; lastKnownFileType = sourcecode.swift; path = AuthRepository.swift; sourceTree = "<group>"; };
		D4B1C72C2E76C081001C4743 /* SignupView.swift */ = {isa = PBXFileReference; lastKnownFileType = sourcecode.swift; path = SignupView.swift; sourceTree = "<group>"; };
		D4B1C7302E76C081001C4743 /* ChatView.swift */ = {isa = PBXFileReference; lastKnownFileType = sourcecode.swift; path = ChatView.swift; sourceTree = "<group>"; };
		D4B1C73E2E76C081001C4743 /* SettingView.swift */ = {isa = PBXFileReference; lastKnownFileType = sourcecode.swift; path = SettingView.swift; sourceTree = "<group>"; };
		D4B1C75B2E76CD74001C4743 /* SignupModels.swift */ = {isa = PBXFileReference; lastKnownFileType = sourcecode.swift; path = SignupModels.swift; sourceTree = "<group>"; };
		D4B1C7682E76CDE0001C4743 /* SignupViewModel.swift */ = {isa = PBXFileReference; lastKnownFileType = sourcecode.swift; path = SignupViewModel.swift; sourceTree = "<group>"; };
		D4B1C76B2E76D047001C4743 /* EmailRepository.swift */ = {isa = PBXFileReference; lastKnownFileType = sourcecode.swift; path = EmailRepository.swift; sourceTree = "<group>"; };
		D4B1C76E2E76D47B001C4743 /* SignupUseCase.swift */ = {isa = PBXFileReference; lastKnownFileType = sourcecode.swift; path = SignupUseCase.swift; sourceTree = "<group>"; };
/* End PBXFileReference section */

/* Begin PBXFileSystemSynchronizedRootGroup section */
		A31D1C302E40BA3600318EC7 /* MorakTests */ = {
			isa = PBXFileSystemSynchronizedRootGroup;
			path = MorakTests;
			sourceTree = "<group>";
		};
		A31D1C3A2E40BA3600318EC7 /* MorakUITests */ = {
			isa = PBXFileSystemSynchronizedRootGroup;
			path = MorakUITests;
			sourceTree = "<group>";
		};
/* End PBXFileSystemSynchronizedRootGroup section */

/* Begin PBXFrameworksBuildPhase section */
		A31D1C1D2E40BA3500318EC7 /* Frameworks */ = {
			isa = PBXFrameworksBuildPhase;
			buildActionMask = 2147483647;
			files = (
			);
			runOnlyForDeploymentPostprocessing = 0;
		};
		A31D1C2A2E40BA3600318EC7 /* Frameworks */ = {
			isa = PBXFrameworksBuildPhase;
			buildActionMask = 2147483647;
			files = (
			);
			runOnlyForDeploymentPostprocessing = 0;
		};
		A31D1C342E40BA3600318EC7 /* Frameworks */ = {
			isa = PBXFrameworksBuildPhase;
			buildActionMask = 2147483647;
			files = (
			);
			runOnlyForDeploymentPostprocessing = 0;
		};
/* End PBXFrameworksBuildPhase section */

/* Begin PBXGroup section */
		A31D1C172E40BA3500318EC7 = {
			isa = PBXGroup;
			children = (
				A3488B8B2E4B60BC00232643 /* Morak */,
				A31D1C302E40BA3600318EC7 /* MorakTests */,
				A31D1C3A2E40BA3600318EC7 /* MorakUITests */,
				A31D1C212E40BA3500318EC7 /* Products */,
			);
			sourceTree = "<group>";
		};
		A31D1C212E40BA3500318EC7 /* Products */ = {
			isa = PBXGroup;
			children = (
				A31D1C202E40BA3500318EC7 /* Morak.app */,
				A31D1C2D2E40BA3600318EC7 /* MorakTests.xctest */,
				A31D1C372E40BA3600318EC7 /* MorakUITests.xctest */,
			);
			name = Products;
			sourceTree = "<group>";
		};
		A32CC9512EFE5A93004C589F /* ViewModels */ = {
			isa = PBXGroup;
			children = (
				A32CC9502EFE5A93004C589F /* SettingViewModel.swift */,
			);
			path = ViewModels;
			sourceTree = "<group>";
		};
		A32CC9542EFE5CAC004C589F /* DTOs */ = {
			isa = PBXGroup;
			children = (
				A32CC9532EFE5CAC004C589F /* MyInfoDTO.swift */,
			);
			path = DTOs;
			sourceTree = "<group>";
		};
		A32CC9552EFE5CAC004C589F /* DataSources */ = {
			isa = PBXGroup;
			children = (
				A32CC9542EFE5CAC004C589F /* DTOs */,
			);
			path = DataSources;
			sourceTree = "<group>";
		};
		A32CC9572EFE5CAC004C589F /* Mappers */ = {
			isa = PBXGroup;
			children = (
				A32CC9562EFE5CAC004C589F /* MyInfoMapper.swift */,
			);
			path = Mappers;
			sourceTree = "<group>";
		};
		A32CC9592EFE5CAC004C589F /* Repositories */ = {
			isa = PBXGroup;
			children = (
				A32CC9582EFE5CAC004C589F /* SettingRepository.swift */,
			);
			path = Repositories;
			sourceTree = "<group>";
		};
		A32CC95A2EFE5CAC004C589F /* Data */ = {
			isa = PBXGroup;
			children = (
				A32CC9552EFE5CAC004C589F /* DataSources */,
				A32CC9572EFE5CAC004C589F /* Mappers */,
				A32CC9592EFE5CAC004C589F /* Repositories */,
			);
			path = Data;
			sourceTree = "<group>";
		};
		A32CC95C2EFE5CAC004C589F /* Entities */ = {
			isa = PBXGroup;
			children = (
				A32CC95B2EFE5CAC004C589F /* MyInfo.swift */,
			);
			path = Entities;
			sourceTree = "<group>";
		};
		A32CC95E2EFE5CAC004C589F /* RepositoryInterfaces */ = {
			isa = PBXGroup;
			children = (
				A32CC95D2EFE5CAC004C589F /* SettingRepositoryProtocol.swift */,
			);
			path = RepositoryInterfaces;
			sourceTree = "<group>";
		};
		A32CC9602EFE5CAC004C589F /* UseCases */ = {
			isa = PBXGroup;
			children = (
				A32CC95F2EFE5CAC004C589F /* GetMyInfoUseCase.swift */,
				A32CC9702EFE66F8004C589F /* WithdrawUseCase.swift */,
			);
			path = UseCases;
			sourceTree = "<group>";
		};
		A32CC9612EFE5CAC004C589F /* Domain */ = {
			isa = PBXGroup;
			children = (
				A32CC95C2EFE5CAC004C589F /* Entities */,
				A32CC95E2EFE5CAC004C589F /* RepositoryInterfaces */,
				A32CC9602EFE5CAC004C589F /* UseCases */,
			);
			path = Domain;
			sourceTree = "<group>";
		};
		A33B44452ED843C600820814 /* Entities */ = {
			isa = PBXGroup;
			children = (
				A33B44432ED843C600820814 /* Friend.swift */,
				A33B44442ED843C600820814 /* FriendRequest.swift */,
			);
			path = Entities;
			sourceTree = "<group>";
		};
		A33B44462ED843C600820814 /* Domain */ = {
			isa = PBXGroup;
			children = (
				A33B44452ED843C600820814 /* Entities */,
				A3E505762EFA3A26009EECBA /* Repositories */,
				A3E505792EFA3A30009EECBA /* UseCases */,
			);
			path = Domain;
			sourceTree = "<group>";
		};
		A33B44482ED843C600820814 /* PresentationModels */ = {
			isa = PBXGroup;
			children = (
				A33B44472ED843C600820814 /* FriendsTab.swift */,
			);
			path = PresentationModels;
			sourceTree = "<group>";
		};
		A33B444A2ED843C600820814 /* ViewModels */ = {
			isa = PBXGroup;
			children = (
				A33B44492ED843C600820814 /* FriendsViewModel.swift */,
			);
			path = ViewModels;
			sourceTree = "<group>";
		};
		A33B444F2ED843C600820814 /* Views */ = {
			isa = PBXGroup;
			children = (
				A33B444B2ED843C600820814 /* FriendListTabView.swift */,
				A33B444C2ED843C600820814 /* FriendRequestTabView.swift */,
				A33B444D2ED843C600820814 /* FriendSearchTabView.swift */,
				A33B444E2ED843C600820814 /* FriendsView.swift */,
			);
			path = Views;
			sourceTree = "<group>";
		};
		A33B44502ED843C600820814 /* Presentation */ = {
			isa = PBXGroup;
			children = (
				A33B44482ED843C600820814 /* PresentationModels */,
				A33B444A2ED843C600820814 /* ViewModels */,
				A33B444F2ED843C600820814 /* Views */,
			);
			path = Presentation;
			sourceTree = "<group>";
		};
		A33B44512ED843C600820814 /* Friends */ = {
			isa = PBXGroup;
			children = (
				A3E505722EFA3A10009EECBA /* Data */,
				A33B44462ED843C600820814 /* Domain */,
				A33B44502ED843C600820814 /* Presentation */,
			);
			path = Friends;
			sourceTree = "<group>";
		};
		A3488B8B2E4B60BC00232643 /* Morak */ = {
			isa = PBXGroup;
			children = (
				A3488B902E4B60C100232643 /* App */,
				D4B1C7152E76C081001C4743 /* Core */,
				D4B1C7412E76C081001C4743 /* Features */,
				A3488B912E4B613400232643 /* Shared */,
				A3488B932E4B618200232643 /* Resources */,
			);
			path = Morak;
			sourceTree = "<group>";
		};
		A3488B902E4B60C100232643 /* App */ = {
			isa = PBXGroup;
			children = (
				A3488B8A2E4B60BC00232643 /* MorakApp.swift */,
				A3488B992E4B641C00232643 /* RootTabView.swift */,
			);
			path = App;
			sourceTree = "<group>";
		};
		A3488B912E4B613400232643 /* Shared */ = {
			isa = PBXGroup;
			children = (
				A3488B922E4B614100232643 /* Components */,
				A36D7BDD2E587B14005F21C2 /* Extensions */,
			);
			path = Shared;
			sourceTree = "<group>";
		};
		A3488B922E4B614100232643 /* Components */ = {
			isa = PBXGroup;
			children = (
				A36D7BDA2E58790C005F21C2 /* Navigation */,
				A3815F6F2EBAC97E002363D3 /* CustomAlert.swift */,
			);
			path = Components;
			sourceTree = "<group>";
		};
		A3488B932E4B618200232643 /* Resources */ = {
			isa = PBXGroup;
			children = (
				A372E3592E5EF772001B9CE0 /* Info.plist */,
				A3488B872E4B60BC00232643 /* Assets.xcassets */,
				A3488B892E4B60BC00232643 /* Launch Screen.storyboard */,
				A372E34F2E5EF746001B9CE0 /* Fonts */,
			);
			path = Resources;
			sourceTree = "<group>";
		};
		A36D7BDA2E58790C005F21C2 /* Navigation */ = {
			isa = PBXGroup;
			children = (
				A36D7BD92E58790C005F21C2 /* AppTab.swift */,
			);
			path = Navigation;
			sourceTree = "<group>";
		};
		A36D7BDD2E587B14005F21C2 /* Extensions */ = {
			isa = PBXGroup;
			children = (
				A36D7BDC2E587B14005F21C2 /* Color+Extension.swift */,
				A372E35A2E5EF8A9001B9CE0 /* Font+Extension.swift */,
				A30975B62E70459800D25838 /* UINavigationController+Extension.swift */,
				A3B48A502EBD80B9005EFD9D /* View+Extension.swift */,
				A3903BEF2EC30AE00004A4C3 /* String+RelativeDate.swift */,
			);
			path = Extensions;
			sourceTree = "<group>";
		};
		A372E34F2E5EF746001B9CE0 /* Fonts */ = {
			isa = PBXGroup;
			children = (
				A372E3462E5EF746001B9CE0 /* Pretendard-Black.otf */,
				A372E3472E5EF746001B9CE0 /* Pretendard-Bold.otf */,
				A372E3482E5EF746001B9CE0 /* Pretendard-ExtraBold.otf */,
				A372E3492E5EF746001B9CE0 /* Pretendard-ExtraLight.otf */,
				A372E34A2E5EF746001B9CE0 /* Pretendard-Light.otf */,
				A372E34B2E5EF746001B9CE0 /* Pretendard-Medium.otf */,
				A372E34C2E5EF746001B9CE0 /* Pretendard-Regular.otf */,
				A372E34D2E5EF746001B9CE0 /* Pretendard-SemiBold.otf */,
				A372E34E2E5EF746001B9CE0 /* Pretendard-Thin.otf */,
			);
			path = Fonts;
			sourceTree = "<group>";
		};
		A3815F722EBB3E99002363D3 /* Models */ = {
			isa = PBXGroup;
			children = (
				A3815F712EBB3E99002363D3 /* RefreshTokenModels.swift */,
			);
			path = Models;
			sourceTree = "<group>";
		};
		A3815F752EBB3EAB002363D3 /* UseCase */ = {
			isa = PBXGroup;
			children = (
				A3815F742EBB3EAB002363D3 /* RefreshTokenUseCase.swift */,
			);
			path = UseCase;
			sourceTree = "<group>";
		};
		A3815F762EBB3EAB002363D3 /* Refresh */ = {
			isa = PBXGroup;
			children = (
				A3815F752EBB3EAB002363D3 /* UseCase */,
			);
			path = Refresh;
			sourceTree = "<group>";
		};
		A3903BC42EC2DE360004A4C3 /* DTOs */ = {
			isa = PBXGroup;
			children = (
				A3903BC32EC2DE360004A4C3 /* CommentDTO.swift */,
				A32CC94C2EFE3181004C589F /* ReportCommentDTO.swift */,
			);
			path = DTOs;
			sourceTree = "<group>";
		};
		A3903BC62EC2DE360004A4C3 /* DataSources */ = {
			isa = PBXGroup;
			children = (
				A3903BC42EC2DE360004A4C3 /* DTOs */,
				A3903BC52EC2DE360004A4C3 /* CommentAPI.swift */,
			);
			path = DataSources;
			sourceTree = "<group>";
		};
		A3903BC82EC2DE360004A4C3 /* Mappers */ = {
			isa = PBXGroup;
			children = (
				A3903BC72EC2DE360004A4C3 /* CommentMapper.swift */,
			);
			path = Mappers;
			sourceTree = "<group>";
		};
		A3903BCA2EC2DE360004A4C3 /* Repositories */ = {
			isa = PBXGroup;
			children = (
				A3903BC92EC2DE360004A4C3 /* CommentRepository.swift */,
			);
			path = Repositories;
			sourceTree = "<group>";
		};
		A3903BCB2EC2DE360004A4C3 /* Data */ = {
			isa = PBXGroup;
			children = (
				A3903BC62EC2DE360004A4C3 /* DataSources */,
				A3903BC82EC2DE360004A4C3 /* Mappers */,
				A3903BCA2EC2DE360004A4C3 /* Repositories */,
			);
			path = Data;
			sourceTree = "<group>";
		};
		A3903BCD2EC2DE360004A4C3 /* Entities */ = {
			isa = PBXGroup;
			children = (
				A3903BCC2EC2DE360004A4C3 /* Comment.swift */,
			);
			path = Entities;
			sourceTree = "<group>";
		};
		A3903BCF2EC2DE360004A4C3 /* RepositoryInterfaces */ = {
			isa = PBXGroup;
			children = (
				A3903BCE2EC2DE360004A4C3 /* CommentRepositoryProtocol.swift */,
			);
			path = RepositoryInterfaces;
			sourceTree = "<group>";
		};
		A3903BD22EC2DE360004A4C3 /* UseCases */ = {
			isa = PBXGroup;
			children = (
				A3903BD02EC2DE360004A4C3 /* GetCommentsUseCase.swift */,
				A3903BD12EC2DE360004A4C3 /* LikeCommentUseCase.swift */,
				A3903BEB2EC2DFE20004A4C3 /* GetRepliesUseCase.swift */,
				A3903BF12EC30D0F0004A4C3 /* CreateCommentUseCase.swift */,
				A3AA92BC2ED587F100226E79 /* UpdateCommentUseCase.swift */,
				A3AA92BE2ED58AC100226E79 /* DeleteCommentUseCase.swift */,
				A32CC94E2EFE319F004C589F /* ReportCommentUseCase.swift */,
			);
			path = UseCases;
			sourceTree = "<group>";
		};
		A3903BD32EC2DE360004A4C3 /* Domain */ = {
			isa = PBXGroup;
			children = (
				A3903BCD2EC2DE360004A4C3 /* Entities */,
				A3903BCF2EC2DE360004A4C3 /* RepositoryInterfaces */,
				A3903BD22EC2DE360004A4C3 /* UseCases */,
			);
			path = Domain;
			sourceTree = "<group>";
		};
		A3903BD52EC2DE360004A4C3 /* PresentationModels */ = {
			isa = PBXGroup;
			children = (
				A3903BD42EC2DE360004A4C3 /* CommentSortOption.swift */,
			);
			path = PresentationModels;
			sourceTree = "<group>";
		};
		A3903BD72EC2DE360004A4C3 /* ViewModels */ = {
			isa = PBXGroup;
			children = (
				A3903BD62EC2DE360004A4C3 /* CommentViewModel.swift */,
			);
			path = ViewModels;
			sourceTree = "<group>";
		};
		A3903BDB2EC2DE360004A4C3 /* Views */ = {
			isa = PBXGroup;
			children = (
				A3903BD82EC2DE360004A4C3 /* CommentInputView.swift */,
				A3903BD92EC2DE360004A4C3 /* CommentItemView.swift */,
				A3903BDA2EC2DE360004A4C3 /* CommentSectionView.swift */,
			);
			path = Views;
			sourceTree = "<group>";
		};
		A3903BDC2EC2DE360004A4C3 /* Presentation */ = {
			isa = PBXGroup;
			children = (
				A3903BD52EC2DE360004A4C3 /* PresentationModels */,
				A3903BD72EC2DE360004A4C3 /* ViewModels */,
				A3903BDB2EC2DE360004A4C3 /* Views */,
			);
			path = Presentation;
			sourceTree = "<group>";
		};
		A3903BDD2EC2DE360004A4C3 /* Comment */ = {
			isa = PBXGroup;
			children = (
				A3903BCB2EC2DE360004A4C3 /* Data */,
				A3903BD32EC2DE360004A4C3 /* Domain */,
				A3903BDC2EC2DE360004A4C3 /* Presentation */,
			);
			path = Comment;
			sourceTree = "<group>";
		};
		A392EC492EB9CC10000FA26C /* DTOs */ = {
			isa = PBXGroup;
			children = (
				A392EC482EB9CC10000FA26C /* PostDTO.swift */,
				A3815F782EBB43D1002363D3 /* LikeDTO.swift */,
				A3B48A4A2EBD7EFF005EFD9D /* CreatDTO.swift */,
				A3721BB72ECFFF0A00F3E794 /* UpdateDTO.swift */,
				A32CC9462EFE2FE7004C589F /* ReportDTO.swift */,
			);
			path = DTOs;
			sourceTree = "<group>";
		};
		A392EC4B2EB9CC10000FA26C /* DataSources */ = {
			isa = PBXGroup;
			children = (
				A392EC492EB9CC10000FA26C /* DTOs */,
				A392EC4A2EB9CC10000FA26C /* PostAPI.swift */,
			);
			path = DataSources;
			sourceTree = "<group>";
		};
		A392EC4D2EB9CC10000FA26C /* Repositories */ = {
			isa = PBXGroup;
			children = (
				A392EC4C2EB9CC10000FA26C /* PostRepository.swift */,
			);
			path = Repositories;
			sourceTree = "<group>";
		};
		A392EC4E2EB9CC10000FA26C /* Data */ = {
			isa = PBXGroup;
			children = (
				A392EC4B2EB9CC10000FA26C /* DataSources */,
				A392EC4D2EB9CC10000FA26C /* Repositories */,
				A392EC682EB9DE2B000FA26C /* Mappers */,
			);
			path = Data;
			sourceTree = "<group>";
		};
		A392EC502EB9CC10000FA26C /* Entities */ = {
			isa = PBXGroup;
			children = (
				A392EC4F2EB9CC10000FA26C /* Post.swift */,
			);
			path = Entities;
			sourceTree = "<group>";
		};
		A392EC522EB9CC10000FA26C /* RepositoryInterfaces */ = {
			isa = PBXGroup;
			children = (
				A392EC512EB9CC10000FA26C /* PostRepositoryProtocol.swift */,
			);
			path = RepositoryInterfaces;
			sourceTree = "<group>";
		};
		A392EC532EB9CC10000FA26C /* UseCases */ = {
			isa = PBXGroup;
			children = (
				A392EC652EB9D570000FA26C /* GetPostListUseCase.swift */,
				A3815F7A2EBB4435002363D3 /* LikePostUseCase.swift */,
				A3B48A442EBD776D005EFD9D /* CreatePostUseCase.swift */,
				A3903BB92EC2B8EE0004A4C3 /* GetPostDetailUseCase.swift */,
				A3721BB92ECFFF3300F3E794 /* UpdatePostUseCase.swift */,
				A32CC9482EFE2FFB004C589F /* ReportPostUseCase.swift */,
				A32CC9682EFE5E9F004C589F /* GetMyPostsUseCase.swift */,
			);
			path = UseCases;
			sourceTree = "<group>";
		};
		A392EC542EB9CC10000FA26C /* Domain */ = {
			isa = PBXGroup;
			children = (
				A392EC502EB9CC10000FA26C /* Entities */,
				A392EC522EB9CC10000FA26C /* RepositoryInterfaces */,
				A392EC532EB9CC10000FA26C /* UseCases */,
			);
			path = Domain;
			sourceTree = "<group>";
		};
		A392EC562EB9CC10000FA26C /* PresentationModels */ = {
			isa = PBXGroup;
			children = (
				A392EC552EB9CC10000FA26C /* FilterOption.swift */,
			);
			path = PresentationModels;
			sourceTree = "<group>";
		};
		A392EC582EB9CC10000FA26C /* ViewModels */ = {
			isa = PBXGroup;
			children = (
				A392EC572EB9CC10000FA26C /* PostViewModel.swift */,
				A3B48A462EBD7798005EFD9D /* CreatePostViewModel.swift */,
				A3903BBB2EC2B8FC0004A4C3 /* PostDetailViewModel.swift */,
				A3721BBB2ECFFF5100F3E794 /* EditPostViewModel.swift */,
				A32CC96A2EFE5EB3004C589F /* MyPostsViewModel.swift */,
			);
			path = ViewModels;
			sourceTree = "<group>";
		};
		A392EC5A2EB9CC10000FA26C /* Views */ = {
			isa = PBXGroup;
			children = (
				A392EC592EB9CC10000FA26C /* PostView.swift */,
				A3B48A4E2EBD7FD9005EFD9D /* PostCardView.swift */,
				A3B48A4C2EBD7F9C005EFD9D /* FilterSectionView.swift */,
				A392EC6A2EB9F17E000FA26C /* PostHeaderView.swift */,
				A3B48A482EBD77BD005EFD9D /* CreatePostView.swift */,
				A3903BBD2EC2B9030004A4C3 /* PostDetailView.swift */,
				A3721BBD2ECFFF6500F3E794 /* EditPostView.swift */,
				A32CC94A2EFE3030004C589F /* ReportReasonSheet.swift */,
				A32CC96C2EFE5EC8004C589F /* MyPostsView.swift */,
			);
			path = Views;
			sourceTree = "<group>";
		};
		A392EC5B2EB9CC10000FA26C /* Presentation */ = {
			isa = PBXGroup;
			children = (
				A392EC562EB9CC10000FA26C /* PresentationModels */,
				A392EC582EB9CC10000FA26C /* ViewModels */,
				A392EC5A2EB9CC10000FA26C /* Views */,
			);
			path = Presentation;
			sourceTree = "<group>";
		};
		A392EC5C2EB9CC10000FA26C /* Post */ = {
			isa = PBXGroup;
			children = (
				A392EC4E2EB9CC10000FA26C /* Data */,
				A392EC542EB9CC10000FA26C /* Domain */,
				A392EC5B2EB9CC10000FA26C /* Presentation */,
			);
			path = Post;
			sourceTree = "<group>";
		};
		A392EC682EB9DE2B000FA26C /* Mappers */ = {
			isa = PBXGroup;
			children = (
				A392EC672EB9DE2B000FA26C /* PostMapper.swift */,
			);
			path = Mappers;
			sourceTree = "<group>";
		};
		A3E5056F2EFA3A10009EECBA /* DTOs */ = {
			isa = PBXGroup;
			children = (
				A3E5057B2EFA61F9009EECBA /* FriendDTO.swift */,
				A3E5056E2EFA3A10009EECBA /* UserSearchDTO.swift */,
				A3E505832EFA636A009EECBA /* FriendRequestDTO.swift */,
			);
			path = DTOs;
			sourceTree = "<group>";
		};
		A3E505712EFA3A10009EECBA /* Repositories */ = {
			isa = PBXGroup;
			children = (
				A3E505702EFA3A10009EECBA /* UserRepository.swift */,
				A3E505812EFA6230009EECBA /* FriendRepository.swift */,
			);
			path = Repositories;
			sourceTree = "<group>";
		};
		A3E505722EFA3A10009EECBA /* Data */ = {
			isa = PBXGroup;
			children = (
				A3E5056F2EFA3A10009EECBA /* DTOs */,
				A3E505712EFA3A10009EECBA /* Repositories */,
			);
			path = Data;
			sourceTree = "<group>";
		};
		A3E505762EFA3A26009EECBA /* Repositories */ = {
			isa = PBXGroup;
			children = (
				A3E5057D2EFA6213009EECBA /* FriendRepositoryProtocol.swift */,
				A3E505752EFA3A26009EECBA /* UserRepositoryProtocol.swift */,
			);
			path = Repositories;
			sourceTree = "<group>";
		};
		A3E505792EFA3A30009EECBA /* UseCases */ = {
			isa = PBXGroup;
			children = (
				A3E5057F2EFA621F009EECBA /* GetFriendsUseCase.swift */,
				A3E505782EFA3A30009EECBA /* SearchUsersUseCase.swift */,
				A3E505852EFA6AE4009EECBA /* GetFriendRequestsUseCase.swift */,
				A3E505872EFA6C67009EECBA /* AcceptFriendRequestUseCase.swift */,
				A3E505892EFA6C6A009EECBA /* RejectFriendRequestUseCase.swift */,
				A3E5058B2EFA6DB9009EECBA /* SendFriendRequestUseCase.swift */,
				A3E5058D2EFA6F87009EECBA /* DeleteFriendUseCase.swift */,
			);
			path = UseCases;
			sourceTree = "<group>";
		};
		D4B1C70C2E76C081001C4743 /* Auth */ = {
			isa = PBXGroup;
			children = (
				D4B1C70B2E76C081001C4743 /* SecureTokenManager.swift */,
				A392EC6C2EB9F225000FA26C /* AuthManager.swift */,
				A392EC6E2EB9F6F1000FA26C /* User.swift */,
			);
			path = Auth;
			sourceTree = "<group>";
		};
		D4B1C7122E76C081001C4743 /* Network */ = {
			isa = PBXGroup;
			children = (
				D4B1C70D2E76C081001C4743 /* APIEndpoint.swift */,
				D4B1C70E2E76C081001C4743 /* APIManager.swift */,
				D4B1C70F2E76C081001C4743 /* BaseResponse.swift */,
				D4B1C7102E76C081001C4743 /* NetworkError.swift */,
				D4B1C7112E76C081001C4743 /* serverUrl.swift */,
			);
			path = Network;
			sourceTree = "<group>";
		};
		D4B1C7142E76C081001C4743 /* State */ = {
			isa = PBXGroup;
			children = (
				D4B1C7132E76C081001C4743 /* AppState.swift */,
			);
			path = State;
			sourceTree = "<group>";
		};
		D4B1C7152E76C081001C4743 /* Core */ = {
			isa = PBXGroup;
			children = (
				D4B1C70C2E76C081001C4743 /* Auth */,
				D4B1C7122E76C081001C4743 /* Network */,
				D4B1C7142E76C081001C4743 /* State */,
			);
			path = Core;
			sourceTree = "<group>";
		};
		D4B1C7192E76C081001C4743 /* Views */ = {
			isa = PBXGroup;
			children = (
				D4B1C7182E76C081001C4743 /* AuthFlowView.swift */,
			);
			path = Views;
			sourceTree = "<group>";
		};
		D4B1C71A2E76C081001C4743 /* Common */ = {
			isa = PBXGroup;
			children = (
				D4B1C7192E76C081001C4743 /* Views */,
				A3815F722EBB3E99002363D3 /* Models */,
			);
			path = Common;
			sourceTree = "<group>";
		};
		D4B1C71C2E76C081001C4743 /* Models */ = {
			isa = PBXGroup;
			children = (
				D4B1C71B2E76C081001C4743 /* LoginModels.swift */,
			);
			path = Models;
			sourceTree = "<group>";
		};
		D4B1C71E2E76C081001C4743 /* UseCase */ = {
			isa = PBXGroup;
			children = (
				D4B1C71D2E76C081001C4743 /* LoginUseCase.swift */,
			);
			path = UseCase;
			sourceTree = "<group>";
		};
		D4B1C7202E76C081001C4743 /* ViewModels */ = {
			isa = PBXGroup;
			children = (
				D4B1C71F2E76C081001C4743 /* LoginViewModel.swift */,
			);
			path = ViewModels;
			sourceTree = "<group>";
		};
		D4B1C7222E76C081001C4743 /* Views */ = {
			isa = PBXGroup;
			children = (
				D4B1C7212E76C081001C4743 /* LoginView.swift */,
			);
			path = Views;
			sourceTree = "<group>";
		};
		D4B1C7232E76C081001C4743 /* Login */ = {
			isa = PBXGroup;
			children = (
				D4B1C71C2E76C081001C4743 /* Models */,
				D4B1C71E2E76C081001C4743 /* UseCase */,
				D4B1C7202E76C081001C4743 /* ViewModels */,
				D4B1C7222E76C081001C4743 /* Views */,
			);
			path = Login;
			sourceTree = "<group>";
		};
		D4B1C7252E76C081001C4743 /* UseCase */ = {
			isa = PBXGroup;
			children = (
				D4B1C7242E76C081001C4743 /* LogoutUseCase.swift */,
			);
			path = UseCase;
			sourceTree = "<group>";
		};
		D4B1C7272E76C081001C4743 /* ViewModels */ = {
			isa = PBXGroup;
			children = (
				D4B1C7262E76C081001C4743 /* LogoutViewModel.swift */,
			);
			path = ViewModels;
			sourceTree = "<group>";
		};
		D4B1C7282E76C081001C4743 /* Logout */ = {
			isa = PBXGroup;
			children = (
				D4B1C7252E76C081001C4743 /* UseCase */,
				D4B1C7272E76C081001C4743 /* ViewModels */,
			);
			path = Logout;
			sourceTree = "<group>";
		};
		D4B1C72B2E76C081001C4743 /* Repository */ = {
			isa = PBXGroup;
			children = (
				D4B1C7292E76C081001C4743 /* AuthRepository.swift */,
				D4B1C76B2E76D047001C4743 /* EmailRepository.swift */,
			);
			path = Repository;
			sourceTree = "<group>";
		};
		D4B1C72D2E76C081001C4743 /* Views */ = {
			isa = PBXGroup;
			children = (
				D4B1C72C2E76C081001C4743 /* SignupView.swift */,
			);
			path = Views;
			sourceTree = "<group>";
		};
		D4B1C72E2E76C081001C4743 /* SignUp */ = {
			isa = PBXGroup;
			children = (
				D4B1C72D2E76C081001C4743 /* Views */,
				D4B1C75C2E76CD74001C4743 /* Models */,
				D4B1C7692E76CDE0001C4743 /* ViewModels */,
				D4B1C76F2E76D47B001C4743 /* UseCase */,
			);
			path = SignUp;
			sourceTree = "<group>";
		};
		D4B1C72F2E76C081001C4743 /* Auth */ = {
			isa = PBXGroup;
			children = (
				D4B1C71A2E76C081001C4743 /* Common */,
				D4B1C7232E76C081001C4743 /* Login */,
				D4B1C7282E76C081001C4743 /* Logout */,
				D4B1C72B2E76C081001C4743 /* Repository */,
				D4B1C72E2E76C081001C4743 /* SignUp */,
				A3815F762EBB3EAB002363D3 /* Refresh */,
			);
			path = Auth;
			sourceTree = "<group>";
		};
		D4B1C7312E76C081001C4743 /* Views */ = {
			isa = PBXGroup;
			children = (
				D4B1C7302E76C081001C4743 /* ChatView.swift */,
			);
			path = Views;
			sourceTree = "<group>";
		};
		D4B1C7322E76C081001C4743 /* Chat */ = {
			isa = PBXGroup;
			children = (
				D4B1C7312E76C081001C4743 /* Views */,
			);
			path = Chat;
			sourceTree = "<group>";
		};
		D4B1C73D2E76C081001C4743 /* Search */ = {
			isa = PBXGroup;
			children = (
			);
			path = Search;
			sourceTree = "<group>";
		};
		D4B1C73F2E76C081001C4743 /* Views */ = {
			isa = PBXGroup;
			children = (
				D4B1C73E2E76C081001C4743 /* SettingView.swift */,
			);
			path = Views;
			sourceTree = "<group>";
		};
		D4B1C7402E76C081001C4743 /* Setting */ = {
			isa = PBXGroup;
			children = (
				D4B1C73F2E76C081001C4743 /* Views */,
				A32CC9512EFE5A93004C589F /* ViewModels */,
				A32CC95A2EFE5CAC004C589F /* Data */,
				A32CC9612EFE5CAC004C589F /* Domain */,
			);
			path = Setting;
			sourceTree = "<group>";
		};
		D4B1C7412E76C081001C4743 /* Features */ = {
			isa = PBXGroup;
			children = (
				D4B1C72F2E76C081001C4743 /* Auth */,
				A392EC5C2EB9CC10000FA26C /* Post */,
				A3903BDD2EC2DE360004A4C3 /* Comment */,
				D4B1C7322E76C081001C4743 /* Chat */,
				A33B44512ED843C600820814 /* Friends */,
				D4B1C73D2E76C081001C4743 /* Search */,
				D4B1C7402E76C081001C4743 /* Setting */,
			);
			path = Features;
			sourceTree = "<group>";
		};
		D4B1C75C2E76CD74001C4743 /* Models */ = {
			isa = PBXGroup;
			children = (
				D4B1C75B2E76CD74001C4743 /* SignupModels.swift */,
			);
			path = Models;
			sourceTree = "<group>";
		};
		D4B1C7692E76CDE0001C4743 /* ViewModels */ = {
			isa = PBXGroup;
			children = (
				D4B1C7682E76CDE0001C4743 /* SignupViewModel.swift */,
			);
			path = ViewModels;
			sourceTree = "<group>";
		};
		D4B1C76F2E76D47B001C4743 /* UseCase */ = {
			isa = PBXGroup;
			children = (
				D4B1C76E2E76D47B001C4743 /* SignupUseCase.swift */,
			);
			path = UseCase;
			sourceTree = "<group>";
		};
/* End PBXGroup section */

/* Begin PBXNativeTarget section */
		A31D1C1F2E40BA3500318EC7 /* Morak */ = {
			isa = PBXNativeTarget;
			buildConfigurationList = A31D1C412E40BA3600318EC7 /* Build configuration list for PBXNativeTarget "Morak" */;
			buildPhases = (
				A31D1C1C2E40BA3500318EC7 /* Sources */,
				A31D1C1D2E40BA3500318EC7 /* Frameworks */,
				A31D1C1E2E40BA3500318EC7 /* Resources */,
			);
			buildRules = (
			);
			dependencies = (
			);
			name = Morak;
			packageProductDependencies = (
			);
			productName = Morak;
			productReference = A31D1C202E40BA3500318EC7 /* Morak.app */;
			productType = "com.apple.product-type.application";
		};
		A31D1C2C2E40BA3600318EC7 /* MorakTests */ = {
			isa = PBXNativeTarget;
			buildConfigurationList = A31D1C442E40BA3600318EC7 /* Build configuration list for PBXNativeTarget "MorakTests" */;
			buildPhases = (
				A31D1C292E40BA3600318EC7 /* Sources */,
				A31D1C2A2E40BA3600318EC7 /* Frameworks */,
				A31D1C2B2E40BA3600318EC7 /* Resources */,
			);
			buildRules = (
			);
			dependencies = (
				A31D1C2F2E40BA3600318EC7 /* PBXTargetDependency */,
			);
			fileSystemSynchronizedGroups = (
				A31D1C302E40BA3600318EC7 /* MorakTests */,
			);
			name = MorakTests;
			packageProductDependencies = (
			);
			productName = MorakTests;
			productReference = A31D1C2D2E40BA3600318EC7 /* MorakTests.xctest */;
			productType = "com.apple.product-type.bundle.unit-test";
		};
		A31D1C362E40BA3600318EC7 /* MorakUITests */ = {
			isa = PBXNativeTarget;
			buildConfigurationList = A31D1C472E40BA3600318EC7 /* Build configuration list for PBXNativeTarget "MorakUITests" */;
			buildPhases = (
				A31D1C332E40BA3600318EC7 /* Sources */,
				A31D1C342E40BA3600318EC7 /* Frameworks */,
				A31D1C352E40BA3600318EC7 /* Resources */,
			);
			buildRules = (
			);
			dependencies = (
				A31D1C392E40BA3600318EC7 /* PBXTargetDependency */,
			);
			fileSystemSynchronizedGroups = (
				A31D1C3A2E40BA3600318EC7 /* MorakUITests */,
			);
			name = MorakUITests;
			packageProductDependencies = (
			);
			productName = MorakUITests;
			productReference = A31D1C372E40BA3600318EC7 /* MorakUITests.xctest */;
			productType = "com.apple.product-type.bundle.ui-testing";
		};
/* End PBXNativeTarget section */

/* Begin PBXProject section */
		A31D1C182E40BA3500318EC7 /* Project object */ = {
			isa = PBXProject;
			attributes = {
				BuildIndependentTargetsInParallel = 1;
				LastSwiftUpdateCheck = 1640;
				LastUpgradeCheck = 1640;
				TargetAttributes = {
					A31D1C1F2E40BA3500318EC7 = {
						CreatedOnToolsVersion = 16.4;
					};
					A31D1C2C2E40BA3600318EC7 = {
						CreatedOnToolsVersion = 16.4;
						TestTargetID = A31D1C1F2E40BA3500318EC7;
					};
					A31D1C362E40BA3600318EC7 = {
						CreatedOnToolsVersion = 16.4;
						TestTargetID = A31D1C1F2E40BA3500318EC7;
					};
				};
			};
			buildConfigurationList = A31D1C1B2E40BA3500318EC7 /* Build configuration list for PBXProject "Morak" */;
			developmentRegion = en;
			hasScannedForEncodings = 0;
			knownRegions = (
				en,
				Base,
			);
			mainGroup = A31D1C172E40BA3500318EC7;
			minimizedProjectReferenceProxies = 1;
			preferredProjectObjectVersion = 77;
			productRefGroup = A31D1C212E40BA3500318EC7 /* Products */;
			projectDirPath = "";
			projectRoot = "";
			targets = (
				A31D1C1F2E40BA3500318EC7 /* Morak */,
				A31D1C2C2E40BA3600318EC7 /* MorakTests */,
				A31D1C362E40BA3600318EC7 /* MorakUITests */,
			);
		};
/* End PBXProject section */

/* Begin PBXResourcesBuildPhase section */
		A31D1C1E2E40BA3500318EC7 /* Resources */ = {
			isa = PBXResourcesBuildPhase;
			buildActionMask = 2147483647;
			files = (
				A3488B8C2E4B60BC00232643 /* Assets.xcassets in Resources */,
				A372E3502E5EF746001B9CE0 /* Pretendard-Thin.otf in Resources */,
				A372E3512E5EF746001B9CE0 /* Pretendard-ExtraLight.otf in Resources */,
				A372E3522E5EF746001B9CE0 /* Pretendard-Bold.otf in Resources */,
				A372E3532E5EF746001B9CE0 /* Pretendard-Light.otf in Resources */,
				A372E3542E5EF746001B9CE0 /* Pretendard-SemiBold.otf in Resources */,
				A372E3552E5EF746001B9CE0 /* Pretendard-Medium.otf in Resources */,
				A372E3562E5EF746001B9CE0 /* Pretendard-Black.otf in Resources */,
				A372E3572E5EF746001B9CE0 /* Pretendard-Regular.otf in Resources */,
				A372E3582E5EF746001B9CE0 /* Pretendard-ExtraBold.otf in Resources */,
				A3488B8D2E4B60BC00232643 /* Launch Screen.storyboard in Resources */,
			);
			runOnlyForDeploymentPostprocessing = 0;
		};
		A31D1C2B2E40BA3600318EC7 /* Resources */ = {
			isa = PBXResourcesBuildPhase;
			buildActionMask = 2147483647;
			files = (
			);
			runOnlyForDeploymentPostprocessing = 0;
		};
		A31D1C352E40BA3600318EC7 /* Resources */ = {
			isa = PBXResourcesBuildPhase;
			buildActionMask = 2147483647;
			files = (
			);
			runOnlyForDeploymentPostprocessing = 0;
		};
/* End PBXResourcesBuildPhase section */

/* Begin PBXSourcesBuildPhase section */
		A31D1C1C2E40BA3500318EC7 /* Sources */ = {
			isa = PBXSourcesBuildPhase;
			buildActionMask = 2147483647;
			files = (
				A3903BBE2EC2B9030004A4C3 /* PostDetailView.swift in Sources */,
				A3488B9A2E4B641C00232643 /* RootTabView.swift in Sources */,
				A392EC6B2EB9F17E000FA26C /* PostHeaderView.swift in Sources */,
				A3E505772EFA3A26009EECBA /* UserRepositoryProtocol.swift in Sources */,
				A3E5058E2EFA6F87009EECBA /* DeleteFriendUseCase.swift in Sources */,
				A3721BBA2ECFFF3300F3E794 /* UpdatePostUseCase.swift in Sources */,
				D4B1C75D2E76CD74001C4743 /* SignupModels.swift in Sources */,
				A32CC9622EFE5CAC004C589F /* SettingRepository.swift in Sources */,
				A32CC9632EFE5CAC004C589F /* GetMyInfoUseCase.swift in Sources */,
				A32CC9642EFE5CAC004C589F /* MyInfoMapper.swift in Sources */,
				A32CC9652EFE5CAC004C589F /* MyInfoDTO.swift in Sources */,
				A32CC9662EFE5CAC004C589F /* MyInfo.swift in Sources */,
				A32CC9672EFE5CAC004C589F /* SettingRepositoryProtocol.swift in Sources */,
				A36D7BDE2E587B14005F21C2 /* Color+Extension.swift in Sources */,
				A32CC96D2EFE5EC8004C589F /* MyPostsView.swift in Sources */,
				A3488B8F2E4B60BC00232643 /* MorakApp.swift in Sources */,
				A3815F702EBAC97F002363D3 /* CustomAlert.swift in Sources */,
				A3B48A4F2EBD7FD9005EFD9D /* PostCardView.swift in Sources */,
				A3E5058C2EFA6DB9009EECBA /* SendFriendRequestUseCase.swift in Sources */,
				A3721BB82ECFFF0A00F3E794 /* UpdateDTO.swift in Sources */,
				D4B1C7702E76D47B001C4743 /* SignupUseCase.swift in Sources */,
				A3815F732EBB3E99002363D3 /* RefreshTokenModels.swift in Sources */,
				A3B48A4D2EBD7FA3005EFD9D /* FilterSectionView.swift in Sources */,
				A372E35B2E5EF8A9001B9CE0 /* Font+Extension.swift in Sources */,
				A30975B72E70459800D25838 /* UINavigationController+Extension.swift in Sources */,
				A3B48A492EBD77BD005EFD9D /* CreatePostView.swift in Sources */,
				A3903BBA2EC2B8EE0004A4C3 /* GetPostDetailUseCase.swift in Sources */,
				D4B1C7422E76C081001C4743 /* AuthFlowView.swift in Sources */,
				D4B1C7432E76C081001C4743 /* ChatView.swift in Sources */,
				A3721BBE2ECFFF6500F3E794 /* EditPostView.swift in Sources */,
				D4B1C7442E76C081001C4743 /* serverUrl.swift in Sources */,
				A3E505862EFA6AE4009EECBA /* GetFriendRequestsUseCase.swift in Sources */,
				A3B48A512EBD80B9005EFD9D /* View+Extension.swift in Sources */,
				D4B1C7452E76C081001C4743 /* LogoutViewModel.swift in Sources */,
				A392EC6D2EB9F225000FA26C /* AuthManager.swift in Sources */,
				D4B1C7462E76C081001C4743 /* LoginUseCase.swift in Sources */,
				D4B1C7472E76C081001C4743 /* SecureTokenManager.swift in Sources */,
				D4B1C76A2E76CDE0001C4743 /* SignupViewModel.swift in Sources */,
				D4B1C7492E76C081001C4743 /* AuthRepository.swift in Sources */,
				D4B1C74D2E76C081001C4743 /* LoginView.swift in Sources */,
				A32CC94B2EFE3030004C589F /* ReportReasonSheet.swift in Sources */,
				A3815F792EBB43D1002363D3 /* LikeDTO.swift in Sources */,
				A32CC9692EFE5E9F004C589F /* GetMyPostsUseCase.swift in Sources */,
				D4B1C74E2E76C081001C4743 /* AppState.swift in Sources */,
				D4B1C74F2E76C081001C4743 /* LoginViewModel.swift in Sources */,
				A392EC6F2EB9F6F1000FA26C /* User.swift in Sources */,
				A3903BDE2EC2DE360004A4C3 /* CommentDTO.swift in Sources */,
				A3903BDF2EC2DE360004A4C3 /* LikeCommentUseCase.swift in Sources */,
				A3903BE02EC2DE360004A4C3 /* GetCommentsUseCase.swift in Sources */,
				A3903BE12EC2DE360004A4C3 /* CommentAPI.swift in Sources */,
				A3AA92BF2ED58AC100226E79 /* DeleteCommentUseCase.swift in Sources */,
				A3903BF22EC30D0F0004A4C3 /* CreateCommentUseCase.swift in Sources */,
				A3903BE22EC2DE360004A4C3 /* CommentSectionView.swift in Sources */,
				A3903BE32EC2DE360004A4C3 /* Comment.swift in Sources */,
				A3903BE42EC2DE360004A4C3 /* CommentViewModel.swift in Sources */,
				A3903BE52EC2DE360004A4C3 /* CommentRepository.swift in Sources */,
				A3E505882EFA6C67009EECBA /* AcceptFriendRequestUseCase.swift in Sources */,
				A3903BE62EC2DE360004A4C3 /* CommentInputView.swift in Sources */,
				A3903BE72EC2DE360004A4C3 /* CommentItemView.swift in Sources */,
				A3903BE82EC2DE360004A4C3 /* CommentRepositoryProtocol.swift in Sources */,
				A3903BE92EC2DE360004A4C3 /* CommentMapper.swift in Sources */,
				A3903BEC2EC2DFE20004A4C3 /* GetRepliesUseCase.swift in Sources */,
				A3903BEA2EC2DE360004A4C3 /* CommentSortOption.swift in Sources */,
				D4B1C7512E76C081001C4743 /* SignupView.swift in Sources */,
				A392EC662EB9D570000FA26C /* GetPostListUseCase.swift in Sources */,
				A32CC9522EFE5A93004C589F /* SettingViewModel.swift in Sources */,
				A392EC692EB9DE2B000FA26C /* PostMapper.swift in Sources */,
				A392EC5D2EB9CC10000FA26C /* PostViewModel.swift in Sources */,
				A392EC5E2EB9CC10000FA26C /* PostAPI.swift in Sources */,
				A3E505732EFA3A10009EECBA /* UserSearchDTO.swift in Sources */,
				A3E505842EFA636A009EECBA /* FriendRequestDTO.swift in Sources */,
				A3E505742EFA3A10009EECBA /* UserRepository.swift in Sources */,
				A392EC5F2EB9CC10000FA26C /* PostView.swift in Sources */,
				A32CC96B2EFE5EB3004C589F /* MyPostsViewModel.swift in Sources */,
				A392EC602EB9CC10000FA26C /* PostRepositoryProtocol.swift in Sources */,
				A392EC612EB9CC10000FA26C /* PostRepository.swift in Sources */,
				A3B48A4B2EBD7EFF005EFD9D /* CreatDTO.swift in Sources */,
				A392EC622EB9CC10000FA26C /* FilterOption.swift in Sources */,
				A32CC9492EFE2FFB004C589F /* ReportPostUseCase.swift in Sources */,
				A392EC632EB9CC10000FA26C /* PostDTO.swift in Sources */,
				A3903BBC2EC2B8FC0004A4C3 /* PostDetailViewModel.swift in Sources */,
				A392EC642EB9CC10000FA26C /* Post.swift in Sources */,
				A3E5057C2EFA61F9009EECBA /* FriendDTO.swift in Sources */,
				A3815F772EBB3EAB002363D3 /* RefreshTokenUseCase.swift in Sources */,
				A33B44522ED843C600820814 /* FriendListTabView.swift in Sources */,
				A3E505802EFA621F009EECBA /* GetFriendsUseCase.swift in Sources */,
				A33B44532ED843C600820814 /* FriendsViewModel.swift in Sources */,
				A33B44542ED843C600820814 /* FriendSearchTabView.swift in Sources */,
				A3E505822EFA6230009EECBA /* FriendRepository.swift in Sources */,
				A33B44552ED843C600820814 /* FriendsTab.swift in Sources */,
				A33B44562ED843C600820814 /* FriendsView.swift in Sources */,
				A33B44572ED843C600820814 /* FriendRequest.swift in Sources */,
				A32CC9472EFE2FE7004C589F /* ReportDTO.swift in Sources */,
				A33B44582ED843C600820814 /* Friend.swift in Sources */,
				A33B44592ED843C600820814 /* FriendRequestTabView.swift in Sources */,
				A3721BBC2ECFFF5100F3E794 /* EditPostViewModel.swift in Sources */,
				A3B48A452EBD776D005EFD9D /* CreatePostUseCase.swift in Sources */,
				A3E5057A2EFA3A30009EECBA /* SearchUsersUseCase.swift in Sources */,
				D4B1C7532E76C081001C4743 /* BaseResponse.swift in Sources */,
				D4B1C76D2E76D047001C4743 /* EmailRepository.swift in Sources */,
				A32CC94F2EFE319F004C589F /* ReportCommentUseCase.swift in Sources */,
				D4B1C7542E76C081001C4743 /* APIManager.swift in Sources */,
				D4B1C7552E76C081001C4743 /* SettingView.swift in Sources */,
				D4B1C7562E76C081001C4743 /* NetworkError.swift in Sources */,
				A3E5058A2EFA6C6A009EECBA /* RejectFriendRequestUseCase.swift in Sources */,
				A3E5057E2EFA6213009EECBA /* FriendRepositoryProtocol.swift in Sources */,
				A32CC94D2EFE3181004C589F /* ReportCommentDTO.swift in Sources */,
				A32CC9712EFE66F8004C589F /* WithdrawUseCase.swift in Sources */,
				D4B1C7572E76C081001C4743 /* APIEndpoint.swift in Sources */,
				D4B1C7582E76C081001C4743 /* LoginModels.swift in Sources */,
				A3903BF02EC30AE00004A4C3 /* String+RelativeDate.swift in Sources */,
				A3815F7B2EBB4435002363D3 /* LikePostUseCase.swift in Sources */,
				A3B48A472EBD7798005EFD9D /* CreatePostViewModel.swift in Sources */,
				D4B1C75A2E76C081001C4743 /* LogoutUseCase.swift in Sources */,
				A3AA92BD2ED587F100226E79 /* UpdateCommentUseCase.swift in Sources */,
				A36D7BDB2E58790C005F21C2 /* AppTab.swift in Sources */,
			);
			runOnlyForDeploymentPostprocessing = 0;
		};
		A31D1C292E40BA3600318EC7 /* Sources */ = {
			isa = PBXSourcesBuildPhase;
			buildActionMask = 2147483647;
			files = (
			);
			runOnlyForDeploymentPostprocessing = 0;
		};
		A31D1C332E40BA3600318EC7 /* Sources */ = {
			isa = PBXSourcesBuildPhase;
			buildActionMask = 2147483647;
			files = (
			);
			runOnlyForDeploymentPostprocessing = 0;
		};
/* End PBXSourcesBuildPhase section */

/* Begin PBXTargetDependency section */
		A31D1C2F2E40BA3600318EC7 /* PBXTargetDependency */ = {
			isa = PBXTargetDependency;
			target = A31D1C1F2E40BA3500318EC7 /* Morak */;
			targetProxy = A31D1C2E2E40BA3600318EC7 /* PBXContainerItemProxy */;
		};
		A31D1C392E40BA3600318EC7 /* PBXTargetDependency */ = {
			isa = PBXTargetDependency;
			target = A31D1C1F2E40BA3500318EC7 /* Morak */;
			targetProxy = A31D1C382E40BA3600318EC7 /* PBXContainerItemProxy */;
		};
/* End PBXTargetDependency section */

/* Begin XCBuildConfiguration section */
		A31D1C3F2E40BA3600318EC7 /* Debug */ = {
			isa = XCBuildConfiguration;
			buildSettings = {
				ALWAYS_SEARCH_USER_PATHS = NO;
				ASSETCATALOG_COMPILER_GENERATE_SWIFT_ASSET_SYMBOL_EXTENSIONS = YES;
				CLANG_ANALYZER_NONNULL = YES;
				CLANG_ANALYZER_NUMBER_OBJECT_CONVERSION = YES_AGGRESSIVE;
				CLANG_CXX_LANGUAGE_STANDARD = "gnu++20";
				CLANG_ENABLE_MODULES = YES;
				CLANG_ENABLE_OBJC_ARC = YES;
				CLANG_ENABLE_OBJC_WEAK = YES;
				CLANG_WARN_BLOCK_CAPTURE_AUTORELEASING = YES;
				CLANG_WARN_BOOL_CONVERSION = YES;
				CLANG_WARN_COMMA = YES;
				CLANG_WARN_CONSTANT_CONVERSION = YES;
				CLANG_WARN_DEPRECATED_OBJC_IMPLEMENTATIONS = YES;
				CLANG_WARN_DIRECT_OBJC_ISA_USAGE = YES_ERROR;
				CLANG_WARN_DOCUMENTATION_COMMENTS = YES;
				CLANG_WARN_EMPTY_BODY = YES;
				CLANG_WARN_ENUM_CONVERSION = YES;
				CLANG_WARN_INFINITE_RECURSION = YES;
				CLANG_WARN_INT_CONVERSION = YES;
				CLANG_WARN_NON_LITERAL_NULL_CONVERSION = YES;
				CLANG_WARN_OBJC_IMPLICIT_RETAIN_SELF = YES;
				CLANG_WARN_OBJC_LITERAL_CONVERSION = YES;
				CLANG_WARN_OBJC_ROOT_CLASS = YES_ERROR;
				CLANG_WARN_QUOTED_INCLUDE_IN_FRAMEWORK_HEADER = YES;
				CLANG_WARN_RANGE_LOOP_ANALYSIS = YES;
				CLANG_WARN_STRICT_PROTOTYPES = YES;
				CLANG_WARN_SUSPICIOUS_MOVE = YES;
				CLANG_WARN_UNGUARDED_AVAILABILITY = YES_AGGRESSIVE;
				CLANG_WARN_UNREACHABLE_CODE = YES;
				CLANG_WARN__DUPLICATE_METHOD_MATCH = YES;
				COPY_PHASE_STRIP = NO;
				DEBUG_INFORMATION_FORMAT = dwarf;
				DEVELOPMENT_TEAM = UY9DAXUW36;
				ENABLE_STRICT_OBJC_MSGSEND = YES;
				ENABLE_TESTABILITY = YES;
				ENABLE_USER_SCRIPT_SANDBOXING = YES;
				GCC_C_LANGUAGE_STANDARD = gnu17;
				GCC_DYNAMIC_NO_PIC = NO;
				GCC_NO_COMMON_BLOCKS = YES;
				GCC_OPTIMIZATION_LEVEL = 0;
				GCC_PREPROCESSOR_DEFINITIONS = (
					"DEBUG=1",
					"$(inherited)",
				);
				GCC_WARN_64_TO_32_BIT_CONVERSION = YES;
				GCC_WARN_ABOUT_RETURN_TYPE = YES_ERROR;
				GCC_WARN_UNDECLARED_SELECTOR = YES;
				GCC_WARN_UNINITIALIZED_AUTOS = YES_AGGRESSIVE;
				GCC_WARN_UNUSED_FUNCTION = YES;
				GCC_WARN_UNUSED_VARIABLE = YES;
				IPHONEOS_DEPLOYMENT_TARGET = 18.5;
				LOCALIZATION_PREFERS_STRING_CATALOGS = YES;
				MTL_ENABLE_DEBUG_INFO = INCLUDE_SOURCE;
				MTL_FAST_MATH = YES;
				ONLY_ACTIVE_ARCH = YES;
				SDKROOT = iphoneos;
				SWIFT_ACTIVE_COMPILATION_CONDITIONS = "DEBUG $(inherited)";
				SWIFT_OPTIMIZATION_LEVEL = "-Onone";
			};
			name = Debug;
		};
		A31D1C402E40BA3600318EC7 /* Release */ = {
			isa = XCBuildConfiguration;
			buildSettings = {
				ALWAYS_SEARCH_USER_PATHS = NO;
				ASSETCATALOG_COMPILER_GENERATE_SWIFT_ASSET_SYMBOL_EXTENSIONS = YES;
				CLANG_ANALYZER_NONNULL = YES;
				CLANG_ANALYZER_NUMBER_OBJECT_CONVERSION = YES_AGGRESSIVE;
				CLANG_CXX_LANGUAGE_STANDARD = "gnu++20";
				CLANG_ENABLE_MODULES = YES;
				CLANG_ENABLE_OBJC_ARC = YES;
				CLANG_ENABLE_OBJC_WEAK = YES;
				CLANG_WARN_BLOCK_CAPTURE_AUTORELEASING = YES;
				CLANG_WARN_BOOL_CONVERSION = YES;
				CLANG_WARN_COMMA = YES;
				CLANG_WARN_CONSTANT_CONVERSION = YES;
				CLANG_WARN_DEPRECATED_OBJC_IMPLEMENTATIONS = YES;
				CLANG_WARN_DIRECT_OBJC_ISA_USAGE = YES_ERROR;
				CLANG_WARN_DOCUMENTATION_COMMENTS = YES;
				CLANG_WARN_EMPTY_BODY = YES;
				CLANG_WARN_ENUM_CONVERSION = YES;
				CLANG_WARN_INFINITE_RECURSION = YES;
				CLANG_WARN_INT_CONVERSION = YES;
				CLANG_WARN_NON_LITERAL_NULL_CONVERSION = YES;
				CLANG_WARN_OBJC_IMPLICIT_RETAIN_SELF = YES;
				CLANG_WARN_OBJC_LITERAL_CONVERSION = YES;
				CLANG_WARN_OBJC_ROOT_CLASS = YES_ERROR;
				CLANG_WARN_QUOTED_INCLUDE_IN_FRAMEWORK_HEADER = YES;
				CLANG_WARN_RANGE_LOOP_ANALYSIS = YES;
				CLANG_WARN_STRICT_PROTOTYPES = YES;
				CLANG_WARN_SUSPICIOUS_MOVE = YES;
				CLANG_WARN_UNGUARDED_AVAILABILITY = YES_AGGRESSIVE;
				CLANG_WARN_UNREACHABLE_CODE = YES;
				CLANG_WARN__DUPLICATE_METHOD_MATCH = YES;
				COPY_PHASE_STRIP = NO;
				DEBUG_INFORMATION_FORMAT = "dwarf-with-dsym";
				DEVELOPMENT_TEAM = UY9DAXUW36;
				ENABLE_NS_ASSERTIONS = NO;
				ENABLE_STRICT_OBJC_MSGSEND = YES;
				ENABLE_USER_SCRIPT_SANDBOXING = YES;
				GCC_C_LANGUAGE_STANDARD = gnu17;
				GCC_NO_COMMON_BLOCKS = YES;
				GCC_WARN_64_TO_32_BIT_CONVERSION = YES;
				GCC_WARN_ABOUT_RETURN_TYPE = YES_ERROR;
				GCC_WARN_UNDECLARED_SELECTOR = YES;
				GCC_WARN_UNINITIALIZED_AUTOS = YES_AGGRESSIVE;
				GCC_WARN_UNUSED_FUNCTION = YES;
				GCC_WARN_UNUSED_VARIABLE = YES;
				IPHONEOS_DEPLOYMENT_TARGET = 18.5;
				LOCALIZATION_PREFERS_STRING_CATALOGS = YES;
				MTL_ENABLE_DEBUG_INFO = NO;
				MTL_FAST_MATH = YES;
				SDKROOT = iphoneos;
				SWIFT_COMPILATION_MODE = wholemodule;
				VALIDATE_PRODUCT = YES;
			};
			name = Release;
		};
		A31D1C422E40BA3600318EC7 /* Debug */ = {
			isa = XCBuildConfiguration;
			buildSettings = {
				ASSETCATALOG_COMPILER_APPICON_NAME = AppIcon;
				ASSETCATALOG_COMPILER_GLOBAL_ACCENT_COLOR_NAME = AccentColor;
				CODE_SIGN_STYLE = Automatic;
				CURRENT_PROJECT_VERSION = 1;
				DEVELOPMENT_TEAM = UY9DAXUW36;
				ENABLE_PREVIEWS = YES;
				GENERATE_INFOPLIST_FILE = YES;
				INFOPLIST_FILE = Morak/Resources/Info.plist;
				INFOPLIST_KEY_UIApplicationSceneManifest_Generation = YES;
				INFOPLIST_KEY_UIApplicationSupportsIndirectInputEvents = YES;
				INFOPLIST_KEY_UILaunchScreen_Generation = YES;
				INFOPLIST_KEY_UILaunchStoryboardName = "Launch Screen.storyboard";
				INFOPLIST_KEY_UISupportedInterfaceOrientations = UIInterfaceOrientationPortrait;
				INFOPLIST_KEY_UISupportedInterfaceOrientations_iPad = "UIInterfaceOrientationLandscapeLeft UIInterfaceOrientationLandscapeRight UIInterfaceOrientationPortrait UIInterfaceOrientationPortraitUpsideDown";
				INFOPLIST_KEY_UIUserInterfaceStyle = Light;
				IPHONEOS_DEPLOYMENT_TARGET = 16.0;
				LD_RUNPATH_SEARCH_PATHS = (
					"$(inherited)",
					"@executable_path/Frameworks",
				);
				MARKETING_VERSION = 1.0;
				PRODUCT_BUNDLE_IDENTIFIER = com.brokong.Morak;
				PRODUCT_NAME = "$(TARGET_NAME)";
				SUPPORTED_PLATFORMS = "iphoneos iphonesimulator";
				SUPPORTS_MACCATALYST = NO;
				SUPPORTS_MAC_DESIGNED_FOR_IPHONE_IPAD = NO;
				SUPPORTS_XR_DESIGNED_FOR_IPHONE_IPAD = NO;
				SWIFT_EMIT_LOC_STRINGS = YES;
				SWIFT_VERSION = 5.0;
				TARGETED_DEVICE_FAMILY = 1;
			};
			name = Debug;
		};
		A31D1C432E40BA3600318EC7 /* Release */ = {
			isa = XCBuildConfiguration;
			buildSettings = {
				ASSETCATALOG_COMPILER_APPICON_NAME = AppIcon;
				ASSETCATALOG_COMPILER_GLOBAL_ACCENT_COLOR_NAME = AccentColor;
				CODE_SIGN_STYLE = Automatic;
				CURRENT_PROJECT_VERSION = 1;
				DEVELOPMENT_TEAM = UY9DAXUW36;
				ENABLE_PREVIEWS = YES;
				GENERATE_INFOPLIST_FILE = YES;
				INFOPLIST_FILE = Morak/Resources/Info.plist;
				INFOPLIST_KEY_UIApplicationSceneManifest_Generation = YES;
				INFOPLIST_KEY_UIApplicationSupportsIndirectInputEvents = YES;
				INFOPLIST_KEY_UILaunchScreen_Generation = YES;
				INFOPLIST_KEY_UILaunchStoryboardName = "Launch Screen.storyboard";
				INFOPLIST_KEY_UISupportedInterfaceOrientations = UIInterfaceOrientationPortrait;
				INFOPLIST_KEY_UISupportedInterfaceOrientations_iPad = "UIInterfaceOrientationLandscapeLeft UIInterfaceOrientationLandscapeRight UIInterfaceOrientationPortrait UIInterfaceOrientationPortraitUpsideDown";
				INFOPLIST_KEY_UIUserInterfaceStyle = Light;
				IPHONEOS_DEPLOYMENT_TARGET = 16.0;
				LD_RUNPATH_SEARCH_PATHS = (
					"$(inherited)",
					"@executable_path/Frameworks",
				);
				MARKETING_VERSION = 1.0;
				PRODUCT_BUNDLE_IDENTIFIER = com.brokong.Morak;
				PRODUCT_NAME = "$(TARGET_NAME)";
				SUPPORTED_PLATFORMS = "iphoneos iphonesimulator";
				SUPPORTS_MACCATALYST = NO;
				SUPPORTS_MAC_DESIGNED_FOR_IPHONE_IPAD = NO;
				SUPPORTS_XR_DESIGNED_FOR_IPHONE_IPAD = NO;
				SWIFT_EMIT_LOC_STRINGS = YES;
				SWIFT_VERSION = 5.0;
				TARGETED_DEVICE_FAMILY = 1;
			};
			name = Release;
		};
		A31D1C452E40BA3600318EC7 /* Debug */ = {
			isa = XCBuildConfiguration;
			buildSettings = {
				BUNDLE_LOADER = "$(TEST_HOST)";
				CODE_SIGN_STYLE = Automatic;
				CURRENT_PROJECT_VERSION = 1;
				DEVELOPMENT_TEAM = UY9DAXUW36;
				GENERATE_INFOPLIST_FILE = YES;
				IPHONEOS_DEPLOYMENT_TARGET = 18.5;
				MARKETING_VERSION = 1.0;
				PRODUCT_BUNDLE_IDENTIFIER = com.brokong.MorakTests;
				PRODUCT_NAME = "$(TARGET_NAME)";
				SWIFT_EMIT_LOC_STRINGS = NO;
				SWIFT_VERSION = 5.0;
				TARGETED_DEVICE_FAMILY = "1,2";
				TEST_HOST = "$(BUILT_PRODUCTS_DIR)/Morak.app/$(BUNDLE_EXECUTABLE_FOLDER_PATH)/Morak";
			};
			name = Debug;
		};
		A31D1C462E40BA3600318EC7 /* Release */ = {
			isa = XCBuildConfiguration;
			buildSettings = {
				BUNDLE_LOADER = "$(TEST_HOST)";
				CODE_SIGN_STYLE = Automatic;
				CURRENT_PROJECT_VERSION = 1;
				DEVELOPMENT_TEAM = UY9DAXUW36;
				GENERATE_INFOPLIST_FILE = YES;
				IPHONEOS_DEPLOYMENT_TARGET = 18.5;
				MARKETING_VERSION = 1.0;
				PRODUCT_BUNDLE_IDENTIFIER = com.brokong.MorakTests;
				PRODUCT_NAME = "$(TARGET_NAME)";
				SWIFT_EMIT_LOC_STRINGS = NO;
				SWIFT_VERSION = 5.0;
				TARGETED_DEVICE_FAMILY = "1,2";
				TEST_HOST = "$(BUILT_PRODUCTS_DIR)/Morak.app/$(BUNDLE_EXECUTABLE_FOLDER_PATH)/Morak";
			};
			name = Release;
		};
		A31D1C482E40BA3600318EC7 /* Debug */ = {
			isa = XCBuildConfiguration;
			buildSettings = {
				CODE_SIGN_STYLE = Automatic;
				CURRENT_PROJECT_VERSION = 1;
				DEVELOPMENT_TEAM = UY9DAXUW36;
				GENERATE_INFOPLIST_FILE = YES;
				MARKETING_VERSION = 1.0;
				PRODUCT_BUNDLE_IDENTIFIER = com.brokong.MorakUITests;
				PRODUCT_NAME = "$(TARGET_NAME)";
				SWIFT_EMIT_LOC_STRINGS = NO;
				SWIFT_VERSION = 5.0;
				TARGETED_DEVICE_FAMILY = "1,2";
				TEST_TARGET_NAME = Morak;
			};
			name = Debug;
		};
		A31D1C492E40BA3600318EC7 /* Release */ = {
			isa = XCBuildConfiguration;
			buildSettings = {
				CODE_SIGN_STYLE = Automatic;
				CURRENT_PROJECT_VERSION = 1;
				DEVELOPMENT_TEAM = UY9DAXUW36;
				GENERATE_INFOPLIST_FILE = YES;
				MARKETING_VERSION = 1.0;
				PRODUCT_BUNDLE_IDENTIFIER = com.brokong.MorakUITests;
				PRODUCT_NAME = "$(TARGET_NAME)";
				SWIFT_EMIT_LOC_STRINGS = NO;
				SWIFT_VERSION = 5.0;
				TARGETED_DEVICE_FAMILY = "1,2";
				TEST_TARGET_NAME = Morak;
			};
			name = Release;
		};
/* End XCBuildConfiguration section */

/* Begin XCConfigurationList section */
		A31D1C1B2E40BA3500318EC7 /* Build configuration list for PBXProject "Morak" */ = {
			isa = XCConfigurationList;
			buildConfigurations = (
				A31D1C3F2E40BA3600318EC7 /* Debug */,
				A31D1C402E40BA3600318EC7 /* Release */,
			);
			defaultConfigurationIsVisible = 0;
			defaultConfigurationName = Release;
		};
		A31D1C412E40BA3600318EC7 /* Build configuration list for PBXNativeTarget "Morak" */ = {
			isa = XCConfigurationList;
			buildConfigurations = (
				A31D1C422E40BA3600318EC7 /* Debug */,
				A31D1C432E40BA3600318EC7 /* Release */,
			);
			defaultConfigurationIsVisible = 0;
			defaultConfigurationName = Release;
		};
		A31D1C442E40BA3600318EC7 /* Build configuration list for PBXNativeTarget "MorakTests" */ = {
			isa = XCConfigurationList;
			buildConfigurations = (
				A31D1C452E40BA3600318EC7 /* Debug */,
				A31D1C462E40BA3600318EC7 /* Release */,
			);
			defaultConfigurationIsVisible = 0;
			defaultConfigurationName = Release;
		};
		A31D1C472E40BA3600318EC7 /* Build configuration list for PBXNativeTarget "MorakUITests" */ = {
			isa = XCConfigurationList;
			buildConfigurations = (
				A31D1C482E40BA3600318EC7 /* Debug */,
				A31D1C492E40BA3600318EC7 /* Release */,
			);
			defaultConfigurationIsVisible = 0;
			defaultConfigurationName = Release;
		};
/* End XCConfigurationList section */
	};
	rootObject = A31D1C182E40BA3500318EC7 /* Project object */;
}
